// !$*UTF8*$!
{
	archiveVersion = 1;
	classes = {
	};
	objectVersion = 56;
	objects = {

/* Begin PBXBuildFile section */
		2F2A07BD2AA8D56D0090A41C /* RaceResult.swift in Sources */ = {isa = PBXBuildFile; fileRef = 2F2A07BC2AA8D56D0090A41C /* RaceResult.swift */; };
		2F2A07BF2AA8D5BF0090A41C /* APIError.swift in Sources */ = {isa = PBXBuildFile; fileRef = 2F2A07BE2AA8D5BF0090A41C /* APIError.swift */; };
		2F2A07C12AA8D8920090A41C /* Cache.swift in Sources */ = {isa = PBXBuildFile; fileRef = 2F2A07C02AA8D8920090A41C /* Cache.swift */; };
		2F4925742A7FB70D00149937 /* albon.json in Resources */ = {isa = PBXBuildFile; fileRef = 2F4C9D972A7E676800DBD1C7 /* albon.json */; };
		2F49D64D2A7D1A40000C4484 /* DriverNumberView.swift in Sources */ = {isa = PBXBuildFile; fileRef = 2F49D64C2A7D1A40000C4484 /* DriverNumberView.swift */; };
		2F4C9D962A7E44D000DBD1C7 /* SortByField.swift in Sources */ = {isa = PBXBuildFile; fileRef = 2F4C9D952A7E44D000DBD1C7 /* SortByField.swift */; };
		2F4C9D982A7E676800DBD1C7 /* albon.json in Resources */ = {isa = PBXBuildFile; fileRef = 2F4C9D972A7E676800DBD1C7 /* albon.json */; };
		2F4C9DA62A7E6A1500DBD1C7 /* Circuit.swift in Sources */ = {isa = PBXBuildFile; fileRef = 2F4C9D9A2A7E6A1300DBD1C7 /* Circuit.swift */; };
		2F4C9DA72A7E6A1500DBD1C7 /* RaceTable.swift in Sources */ = {isa = PBXBuildFile; fileRef = 2F4C9D9B2A7E6A1300DBD1C7 /* RaceTable.swift */; };
		2F4C9DA82A7E6A1500DBD1C7 /* Location.swift in Sources */ = {isa = PBXBuildFile; fileRef = 2F4C9D9C2A7E6A1400DBD1C7 /* Location.swift */; };
		2F4C9DA92A7E6A1500DBD1C7 /* Time.swift in Sources */ = {isa = PBXBuildFile; fileRef = 2F4C9D9D2A7E6A1400DBD1C7 /* Time.swift */; };
		2F4C9DAA2A7E6A1500DBD1C7 /* MRRaceData.swift in Sources */ = {isa = PBXBuildFile; fileRef = 2F4C9D9E2A7E6A1400DBD1C7 /* MRRaceData.swift */; };
		2F4C9DAB2A7E6A1500DBD1C7 /* Constructor.swift in Sources */ = {isa = PBXBuildFile; fileRef = 2F4C9D9F2A7E6A1400DBD1C7 /* Constructor.swift */; };
		2F4C9DAC2A7E6A1500DBD1C7 /* Races.swift in Sources */ = {isa = PBXBuildFile; fileRef = 2F4C9DA02A7E6A1400DBD1C7 /* Races.swift */; };
		2F4C9DAD2A7E6A1500DBD1C7 /* Results.swift in Sources */ = {isa = PBXBuildFile; fileRef = 2F4C9DA12A7E6A1400DBD1C7 /* Results.swift */; };
		2F4C9DAE2A7E6A1500DBD1C7 /* AverageSpeed.swift in Sources */ = {isa = PBXBuildFile; fileRef = 2F4C9DA22A7E6A1400DBD1C7 /* AverageSpeed.swift */; };
		2F4C9DAF2A7E6A1500DBD1C7 /* FastestLap.swift in Sources */ = {isa = PBXBuildFile; fileRef = 2F4C9DA32A7E6A1400DBD1C7 /* FastestLap.swift */; };
		2F4C9DB02A7E6A1500DBD1C7 /* RaceDataRoot.swift in Sources */ = {isa = PBXBuildFile; fileRef = 2F4C9DA42A7E6A1400DBD1C7 /* RaceDataRoot.swift */; };
		2F4C9DB12A7E6A1500DBD1C7 /* Driver.swift in Sources */ = {isa = PBXBuildFile; fileRef = 2F4C9DA52A7E6A1500DBD1C7 /* Driver.swift */; };
		2F86F5422A80DC7300549F7C /* SortByField.swift in Sources */ = {isa = PBXBuildFile; fileRef = 2F4C9D952A7E44D000DBD1C7 /* SortByField.swift */; };
		2F86F5432A80DC7900549F7C /* DriverDetailModel.swift in Sources */ = {isa = PBXBuildFile; fileRef = 2FEEECF42A7EA64400F51169 /* DriverDetailModel.swift */; };
		2F86F5442A80DC8500549F7C /* AverageSpeed.swift in Sources */ = {isa = PBXBuildFile; fileRef = 2F4C9DA22A7E6A1400DBD1C7 /* AverageSpeed.swift */; };
		2F86F5452A80DC8800549F7C /* Driver.swift in Sources */ = {isa = PBXBuildFile; fileRef = 2F4C9DA52A7E6A1500DBD1C7 /* Driver.swift */; };
		2F86F5462A80DC8B00549F7C /* Circuit.swift in Sources */ = {isa = PBXBuildFile; fileRef = 2F4C9D9A2A7E6A1300DBD1C7 /* Circuit.swift */; };
		2F86F5472A80DC8E00549F7C /* Constructor.swift in Sources */ = {isa = PBXBuildFile; fileRef = 2F4C9D9F2A7E6A1400DBD1C7 /* Constructor.swift */; };
		2F86F5482A80DC9100549F7C /* FastestLap.swift in Sources */ = {isa = PBXBuildFile; fileRef = 2F4C9DA32A7E6A1400DBD1C7 /* FastestLap.swift */; };
		2F86F5492A80DC9300549F7C /* RaceDataRoot.swift in Sources */ = {isa = PBXBuildFile; fileRef = 2F4C9DA42A7E6A1400DBD1C7 /* RaceDataRoot.swift */; };
		2F86F54A2A80DC9600549F7C /* DriverDataRoot.swift in Sources */ = {isa = PBXBuildFile; fileRef = 2FEEECEC2A7E922E00F51169 /* DriverDataRoot.swift */; };
		2F86F54B2A80DC9800549F7C /* Location.swift in Sources */ = {isa = PBXBuildFile; fileRef = 2F4C9D9C2A7E6A1400DBD1C7 /* Location.swift */; };
		2F86F54C2A80DC9A00549F7C /* MRRaceData.swift in Sources */ = {isa = PBXBuildFile; fileRef = 2F4C9D9E2A7E6A1400DBD1C7 /* MRRaceData.swift */; };
		2F86F54D2A80DC9C00549F7C /* MRDriverData.swift in Sources */ = {isa = PBXBuildFile; fileRef = 2FEEECEE2A7E927F00F51169 /* MRDriverData.swift */; };
		2F86F54E2A80DC9E00549F7C /* Races.swift in Sources */ = {isa = PBXBuildFile; fileRef = 2F4C9DA02A7E6A1400DBD1C7 /* Races.swift */; };
		2F86F54F2A80DCA200549F7C /* RaceTable.swift in Sources */ = {isa = PBXBuildFile; fileRef = 2F4C9D9B2A7E6A1300DBD1C7 /* RaceTable.swift */; };
		2F86F5502A80DCA400549F7C /* DriverTable.swift in Sources */ = {isa = PBXBuildFile; fileRef = 2FEEECF02A7E931F00F51169 /* DriverTable.swift */; };
		2F86F5512A80DCA700549F7C /* Results.swift in Sources */ = {isa = PBXBuildFile; fileRef = 2F4C9DA12A7E6A1400DBD1C7 /* Results.swift */; };
		2F86F5522A80DCA900549F7C /* Time.swift in Sources */ = {isa = PBXBuildFile; fileRef = 2F4C9D9D2A7E6A1400DBD1C7 /* Time.swift */; };
		2F86F5532A80DCC000549F7C /* DriverNumberView.swift in Sources */ = {isa = PBXBuildFile; fileRef = 2F49D64C2A7D1A40000C4484 /* DriverNumberView.swift */; };
		2F86F5542A80DCDD00549F7C /* RaceListCell.swift in Sources */ = {isa = PBXBuildFile; fileRef = 2FEEECF22A7E9DC100F51169 /* RaceListCell.swift */; };
		2F86F5562A80DD3100549F7C /* StrandsF1DecodableTests.swift in Sources */ = {isa = PBXBuildFile; fileRef = 2F86F5552A80DD3100549F7C /* StrandsF1DecodableTests.swift */; };
		2F8C86A72A7CDBEB00E5EF82 /* StrandsF1SUIApp.swift in Sources */ = {isa = PBXBuildFile; fileRef = 2F8C86A62A7CDBEB00E5EF82 /* StrandsF1SUIApp.swift */; };
		2F8C86AB2A7CDBEC00E5EF82 /* Assets.xcassets in Resources */ = {isa = PBXBuildFile; fileRef = 2F8C86AA2A7CDBEC00E5EF82 /* Assets.xcassets */; };
		2F8C86AE2A7CDBEC00E5EF82 /* Preview Assets.xcassets in Resources */ = {isa = PBXBuildFile; fileRef = 2F8C86AD2A7CDBEC00E5EF82 /* Preview Assets.xcassets */; };
		2F8C86B02A7CDBEC00E5EF82 /* Persistence.swift in Sources */ = {isa = PBXBuildFile; fileRef = 2F8C86AF2A7CDBEC00E5EF82 /* Persistence.swift */; };
		2F8C86B32A7CDBEC00E5EF82 /* StrandsF1SUI.xcdatamodeld in Sources */ = {isa = PBXBuildFile; fileRef = 2F8C86B12A7CDBEC00E5EF82 /* StrandsF1SUI.xcdatamodeld */; };
		2F8C86BD2A7CDBED00E5EF82 /* StrandsF1SUITests.swift in Sources */ = {isa = PBXBuildFile; fileRef = 2F8C86BC2A7CDBED00E5EF82 /* StrandsF1SUITests.swift */; };
		2F8C86C72A7CDBED00E5EF82 /* StrandsF1SUIUITests.swift in Sources */ = {isa = PBXBuildFile; fileRef = 2F8C86C62A7CDBED00E5EF82 /* StrandsF1SUIUITests.swift */; };
		2F8C86C92A7CDBED00E5EF82 /* StrandsF1SUIUITestsLaunchTests.swift in Sources */ = {isa = PBXBuildFile; fileRef = 2F8C86C82A7CDBED00E5EF82 /* StrandsF1SUIUITestsLaunchTests.swift */; };
		2F8C86DB2A7CDDCD00E5EF82 /* DriverModel.swift in Sources */ = {isa = PBXBuildFile; fileRef = 2F8C86D92A7CDDCD00E5EF82 /* DriverModel.swift */; };
		2F8C86DC2A7CDDCD00E5EF82 /* DriverModel.swift in Sources */ = {isa = PBXBuildFile; fileRef = 2F8C86D92A7CDDCD00E5EF82 /* DriverModel.swift */; };
		2F8C86DD2A7CDDCD00E5EF82 /* drivers.json in Resources */ = {isa = PBXBuildFile; fileRef = 2F8C86DA2A7CDDCD00E5EF82 /* drivers.json */; };
		2F8C86DE2A7CDDCD00E5EF82 /* drivers.json in Resources */ = {isa = PBXBuildFile; fileRef = 2F8C86DA2A7CDDCD00E5EF82 /* drivers.json */; };
		2F8C86E02A7CDDFD00E5EF82 /* Globals.swift in Sources */ = {isa = PBXBuildFile; fileRef = 2F8C86DF2A7CDDFD00E5EF82 /* Globals.swift */; };
		2F8C86E12A7CDDFD00E5EF82 /* Globals.swift in Sources */ = {isa = PBXBuildFile; fileRef = 2F8C86DF2A7CDDFD00E5EF82 /* Globals.swift */; };
		2F8C86E52A7CE06A00E5EF82 /* DriverList.swift in Sources */ = {isa = PBXBuildFile; fileRef = 2F8C86E42A7CE06A00E5EF82 /* DriverList.swift */; };
		2F8C86E62A7CE06A00E5EF82 /* DriverList.swift in Sources */ = {isa = PBXBuildFile; fileRef = 2F8C86E42A7CE06A00E5EF82 /* DriverList.swift */; };
		2F8C86EB2A7D025000E5EF82 /* DriverListCell.swift in Sources */ = {isa = PBXBuildFile; fileRef = 2F8C86EA2A7D025000E5EF82 /* DriverListCell.swift */; };
		2F8C86EC2A7D025000E5EF82 /* DriverListCell.swift in Sources */ = {isa = PBXBuildFile; fileRef = 2F8C86EA2A7D025000E5EF82 /* DriverListCell.swift */; };
		2F8C86EE2A7D08DF00E5EF82 /* DriverDetailView.swift in Sources */ = {isa = PBXBuildFile; fileRef = 2F8C86ED2A7D08DF00E5EF82 /* DriverDetailView.swift */; };
		2F8C86EF2A7D08DF00E5EF82 /* DriverDetailView.swift in Sources */ = {isa = PBXBuildFile; fileRef = 2F8C86ED2A7D08DF00E5EF82 /* DriverDetailView.swift */; };
		2F8C86F12A7D0B6900E5EF82 /* CountryLookup.swift in Sources */ = {isa = PBXBuildFile; fileRef = 2F8C86F02A7D0B6900E5EF82 /* CountryLookup.swift */; };
		2F8C86F22A7D0B6900E5EF82 /* CountryLookup.swift in Sources */ = {isa = PBXBuildFile; fileRef = 2F8C86F02A7D0B6900E5EF82 /* CountryLookup.swift */; };
		2F96F29A2A80E43A003FA775 /* ResultsChart.swift in Sources */ = {isa = PBXBuildFile; fileRef = 2F96F2992A80E43A003FA775 /* ResultsChart.swift */; };
		2F96F29B2A80E92F003FA775 /* ResultsChart.swift in Sources */ = {isa = PBXBuildFile; fileRef = 2F96F2992A80E43A003FA775 /* ResultsChart.swift */; };
		2F96F29D2A810B41003FA775 /* Color+Position.swift in Sources */ = {isa = PBXBuildFile; fileRef = 2F96F29C2A810B41003FA775 /* Color+Position.swift */; };
		2F96F29F2A810B79003FA775 /* String+Date.swift in Sources */ = {isa = PBXBuildFile; fileRef = 2F96F29E2A810B79003FA775 /* String+Date.swift */; };
		2F96F2A12A810BB6003FA775 /* Date+DOB.swift in Sources */ = {isa = PBXBuildFile; fileRef = 2F96F2A02A810BB6003FA775 /* Date+DOB.swift */; };
		2FE1DACD2AA97C060074EE91 /* API.swift in Sources */ = {isa = PBXBuildFile; fileRef = 2FE1DACC2AA97C060074EE91 /* API.swift */; };
		2FEEECED2A7E922E00F51169 /* DriverDataRoot.swift in Sources */ = {isa = PBXBuildFile; fileRef = 2FEEECEC2A7E922E00F51169 /* DriverDataRoot.swift */; };
		2FEEECEF2A7E927F00F51169 /* MRDriverData.swift in Sources */ = {isa = PBXBuildFile; fileRef = 2FEEECEE2A7E927F00F51169 /* MRDriverData.swift */; };
		2FEEECF12A7E931F00F51169 /* DriverTable.swift in Sources */ = {isa = PBXBuildFile; fileRef = 2FEEECF02A7E931F00F51169 /* DriverTable.swift */; };
		2FEEECF32A7E9DC100F51169 /* RaceListCell.swift in Sources */ = {isa = PBXBuildFile; fileRef = 2FEEECF22A7E9DC100F51169 /* RaceListCell.swift */; };
		2FEEECF52A7EA64400F51169 /* DriverDetailModel.swift in Sources */ = {isa = PBXBuildFile; fileRef = 2FEEECF42A7EA64400F51169 /* DriverDetailModel.swift */; };
/* End PBXBuildFile section */

/* Begin PBXContainerItemProxy section */
		2F8C86B92A7CDBED00E5EF82 /* PBXContainerItemProxy */ = {
			isa = PBXContainerItemProxy;
			containerPortal = 2F8C869B2A7CDBEB00E5EF82 /* Project object */;
			proxyType = 1;
			remoteGlobalIDString = 2F8C86A22A7CDBEB00E5EF82;
			remoteInfo = StrandsF1SUI;
		};
		2F8C86C32A7CDBED00E5EF82 /* PBXContainerItemProxy */ = {
			isa = PBXContainerItemProxy;
			containerPortal = 2F8C869B2A7CDBEB00E5EF82 /* Project object */;
			proxyType = 1;
			remoteGlobalIDString = 2F8C86A22A7CDBEB00E5EF82;
			remoteInfo = StrandsF1SUI;
		};
/* End PBXContainerItemProxy section */

/* Begin PBXFileReference section */
		2F2A07BC2AA8D56D0090A41C /* RaceResult.swift */ = {isa = PBXFileReference; lastKnownFileType = sourcecode.swift; path = RaceResult.swift; sourceTree = "<group>"; };
		2F2A07BE2AA8D5BF0090A41C /* APIError.swift */ = {isa = PBXFileReference; lastKnownFileType = sourcecode.swift; path = APIError.swift; sourceTree = "<group>"; };
		2F2A07C02AA8D8920090A41C /* Cache.swift */ = {isa = PBXFileReference; lastKnownFileType = sourcecode.swift; path = Cache.swift; sourceTree = "<group>"; };
		2F49D64C2A7D1A40000C4484 /* DriverNumberView.swift */ = {isa = PBXFileReference; lastKnownFileType = sourcecode.swift; path = DriverNumberView.swift; sourceTree = "<group>"; };
		2F4C9D952A7E44D000DBD1C7 /* SortByField.swift */ = {isa = PBXFileReference; lastKnownFileType = sourcecode.swift; path = SortByField.swift; sourceTree = "<group>"; };
		2F4C9D972A7E676800DBD1C7 /* albon.json */ = {isa = PBXFileReference; lastKnownFileType = text.json; path = albon.json; sourceTree = "<group>"; };
		2F4C9D9A2A7E6A1300DBD1C7 /* Circuit.swift */ = {isa = PBXFileReference; fileEncoding = 4; lastKnownFileType = sourcecode.swift; path = Circuit.swift; sourceTree = "<group>"; };
		2F4C9D9B2A7E6A1300DBD1C7 /* RaceTable.swift */ = {isa = PBXFileReference; fileEncoding = 4; lastKnownFileType = sourcecode.swift; path = RaceTable.swift; sourceTree = "<group>"; };
		2F4C9D9C2A7E6A1400DBD1C7 /* Location.swift */ = {isa = PBXFileReference; fileEncoding = 4; lastKnownFileType = sourcecode.swift; path = Location.swift; sourceTree = "<group>"; };
		2F4C9D9D2A7E6A1400DBD1C7 /* Time.swift */ = {isa = PBXFileReference; fileEncoding = 4; lastKnownFileType = sourcecode.swift; path = Time.swift; sourceTree = "<group>"; };
		2F4C9D9E2A7E6A1400DBD1C7 /* MRRaceData.swift */ = {isa = PBXFileReference; fileEncoding = 4; lastKnownFileType = sourcecode.swift; path = MRRaceData.swift; sourceTree = "<group>"; };
		2F4C9D9F2A7E6A1400DBD1C7 /* Constructor.swift */ = {isa = PBXFileReference; fileEncoding = 4; lastKnownFileType = sourcecode.swift; path = Constructor.swift; sourceTree = "<group>"; };
		2F4C9DA02A7E6A1400DBD1C7 /* Races.swift */ = {isa = PBXFileReference; fileEncoding = 4; lastKnownFileType = sourcecode.swift; path = Races.swift; sourceTree = "<group>"; };
		2F4C9DA12A7E6A1400DBD1C7 /* Results.swift */ = {isa = PBXFileReference; fileEncoding = 4; lastKnownFileType = sourcecode.swift; path = Results.swift; sourceTree = "<group>"; };
		2F4C9DA22A7E6A1400DBD1C7 /* AverageSpeed.swift */ = {isa = PBXFileReference; fileEncoding = 4; lastKnownFileType = sourcecode.swift; path = AverageSpeed.swift; sourceTree = "<group>"; };
		2F4C9DA32A7E6A1400DBD1C7 /* FastestLap.swift */ = {isa = PBXFileReference; fileEncoding = 4; lastKnownFileType = sourcecode.swift; path = FastestLap.swift; sourceTree = "<group>"; };
		2F4C9DA42A7E6A1400DBD1C7 /* RaceDataRoot.swift */ = {isa = PBXFileReference; fileEncoding = 4; lastKnownFileType = sourcecode.swift; path = RaceDataRoot.swift; sourceTree = "<group>"; };
		2F4C9DA52A7E6A1500DBD1C7 /* Driver.swift */ = {isa = PBXFileReference; fileEncoding = 4; lastKnownFileType = sourcecode.swift; path = Driver.swift; sourceTree = "<group>"; };
		2F86F5552A80DD3100549F7C /* StrandsF1DecodableTests.swift */ = {isa = PBXFileReference; lastKnownFileType = sourcecode.swift; path = StrandsF1DecodableTests.swift; sourceTree = "<group>"; };
		2F8C86A32A7CDBEB00E5EF82 /* StrandsF1SUI.app */ = {isa = PBXFileReference; explicitFileType = wrapper.application; includeInIndex = 0; path = StrandsF1SUI.app; sourceTree = BUILT_PRODUCTS_DIR; };
		2F8C86A62A7CDBEB00E5EF82 /* StrandsF1SUIApp.swift */ = {isa = PBXFileReference; lastKnownFileType = sourcecode.swift; path = StrandsF1SUIApp.swift; sourceTree = "<group>"; };
		2F8C86AA2A7CDBEC00E5EF82 /* Assets.xcassets */ = {isa = PBXFileReference; lastKnownFileType = folder.assetcatalog; path = Assets.xcassets; sourceTree = "<group>"; };
		2F8C86AD2A7CDBEC00E5EF82 /* Preview Assets.xcassets */ = {isa = PBXFileReference; lastKnownFileType = folder.assetcatalog; path = "Preview Assets.xcassets"; sourceTree = "<group>"; };
		2F8C86AF2A7CDBEC00E5EF82 /* Persistence.swift */ = {isa = PBXFileReference; lastKnownFileType = sourcecode.swift; path = Persistence.swift; sourceTree = "<group>"; };
		2F8C86B22A7CDBEC00E5EF82 /* StrandsF1SUI.xcdatamodel */ = {isa = PBXFileReference; lastKnownFileType = wrapper.xcdatamodel; path = StrandsF1SUI.xcdatamodel; sourceTree = "<group>"; };
		2F8C86B82A7CDBED00E5EF82 /* StrandsF1SUITests.xctest */ = {isa = PBXFileReference; explicitFileType = wrapper.cfbundle; includeInIndex = 0; path = StrandsF1SUITests.xctest; sourceTree = BUILT_PRODUCTS_DIR; };
		2F8C86BC2A7CDBED00E5EF82 /* StrandsF1SUITests.swift */ = {isa = PBXFileReference; lastKnownFileType = sourcecode.swift; path = StrandsF1SUITests.swift; sourceTree = "<group>"; };
		2F8C86C22A7CDBED00E5EF82 /* StrandsF1SUIUITests.xctest */ = {isa = PBXFileReference; explicitFileType = wrapper.cfbundle; includeInIndex = 0; path = StrandsF1SUIUITests.xctest; sourceTree = BUILT_PRODUCTS_DIR; };
		2F8C86C62A7CDBED00E5EF82 /* StrandsF1SUIUITests.swift */ = {isa = PBXFileReference; lastKnownFileType = sourcecode.swift; path = StrandsF1SUIUITests.swift; sourceTree = "<group>"; };
		2F8C86C82A7CDBED00E5EF82 /* StrandsF1SUIUITestsLaunchTests.swift */ = {isa = PBXFileReference; lastKnownFileType = sourcecode.swift; path = StrandsF1SUIUITestsLaunchTests.swift; sourceTree = "<group>"; };
		2F8C86D92A7CDDCD00E5EF82 /* DriverModel.swift */ = {isa = PBXFileReference; fileEncoding = 4; lastKnownFileType = sourcecode.swift; path = DriverModel.swift; sourceTree = "<group>"; };
		2F8C86DA2A7CDDCD00E5EF82 /* drivers.json */ = {isa = PBXFileReference; fileEncoding = 4; lastKnownFileType = text.json; path = drivers.json; sourceTree = "<group>"; };
		2F8C86DF2A7CDDFD00E5EF82 /* Globals.swift */ = {isa = PBXFileReference; fileEncoding = 4; lastKnownFileType = sourcecode.swift; path = Globals.swift; sourceTree = "<group>"; };
		2F8C86E42A7CE06A00E5EF82 /* DriverList.swift */ = {isa = PBXFileReference; lastKnownFileType = sourcecode.swift; path = DriverList.swift; sourceTree = "<group>"; };
		2F8C86EA2A7D025000E5EF82 /* DriverListCell.swift */ = {isa = PBXFileReference; lastKnownFileType = sourcecode.swift; path = DriverListCell.swift; sourceTree = "<group>"; };
		2F8C86ED2A7D08DF00E5EF82 /* DriverDetailView.swift */ = {isa = PBXFileReference; lastKnownFileType = sourcecode.swift; path = DriverDetailView.swift; sourceTree = "<group>"; };
		2F8C86F02A7D0B6900E5EF82 /* CountryLookup.swift */ = {isa = PBXFileReference; lastKnownFileType = sourcecode.swift; path = CountryLookup.swift; sourceTree = "<group>"; };
		2F96F2992A80E43A003FA775 /* ResultsChart.swift */ = {isa = PBXFileReference; lastKnownFileType = sourcecode.swift; path = ResultsChart.swift; sourceTree = "<group>"; };
		2F96F29C2A810B41003FA775 /* Color+Position.swift */ = {isa = PBXFileReference; lastKnownFileType = sourcecode.swift; path = "Color+Position.swift"; sourceTree = "<group>"; };
		2F96F29E2A810B79003FA775 /* String+Date.swift */ = {isa = PBXFileReference; lastKnownFileType = sourcecode.swift; path = "String+Date.swift"; sourceTree = "<group>"; };
		2F96F2A02A810BB6003FA775 /* Date+DOB.swift */ = {isa = PBXFileReference; lastKnownFileType = sourcecode.swift; path = "Date+DOB.swift"; sourceTree = "<group>"; };
		2FE1DACC2AA97C060074EE91 /* API.swift */ = {isa = PBXFileReference; lastKnownFileType = sourcecode.swift; path = API.swift; sourceTree = "<group>"; };
		2FEEECEC2A7E922E00F51169 /* DriverDataRoot.swift */ = {isa = PBXFileReference; lastKnownFileType = sourcecode.swift; path = DriverDataRoot.swift; sourceTree = "<group>"; };
		2FEEECEE2A7E927F00F51169 /* MRDriverData.swift */ = {isa = PBXFileReference; lastKnownFileType = sourcecode.swift; path = MRDriverData.swift; sourceTree = "<group>"; };
		2FEEECF02A7E931F00F51169 /* DriverTable.swift */ = {isa = PBXFileReference; lastKnownFileType = sourcecode.swift; path = DriverTable.swift; sourceTree = "<group>"; };
		2FEEECF22A7E9DC100F51169 /* RaceListCell.swift */ = {isa = PBXFileReference; lastKnownFileType = sourcecode.swift; path = RaceListCell.swift; sourceTree = "<group>"; };
		2FEEECF42A7EA64400F51169 /* DriverDetailModel.swift */ = {isa = PBXFileReference; lastKnownFileType = sourcecode.swift; path = DriverDetailModel.swift; sourceTree = "<group>"; };
/* End PBXFileReference section */

/* Begin PBXFrameworksBuildPhase section */
		2F8C86A02A7CDBEB00E5EF82 /* Frameworks */ = {
			isa = PBXFrameworksBuildPhase;
			buildActionMask = 2147483647;
			files = (
			);
			runOnlyForDeploymentPostprocessing = 0;
		};
		2F8C86B52A7CDBED00E5EF82 /* Frameworks */ = {
			isa = PBXFrameworksBuildPhase;
			buildActionMask = 2147483647;
			files = (
			);
			runOnlyForDeploymentPostprocessing = 0;
		};
		2F8C86BF2A7CDBED00E5EF82 /* Frameworks */ = {
			isa = PBXFrameworksBuildPhase;
			buildActionMask = 2147483647;
			files = (
			);
			runOnlyForDeploymentPostprocessing = 0;
		};
/* End PBXFrameworksBuildPhase section */

/* Begin PBXGroup section */
		2F4C9D992A7E69FE00DBD1C7 /* Decodables */ = {
			isa = PBXGroup;
			children = (
				2F4C9DA22A7E6A1400DBD1C7 /* AverageSpeed.swift */,
				2F4C9D9A2A7E6A1300DBD1C7 /* Circuit.swift */,
				2F4C9D9F2A7E6A1400DBD1C7 /* Constructor.swift */,
				2F4C9DA52A7E6A1500DBD1C7 /* Driver.swift */,
				2F4C9DA32A7E6A1400DBD1C7 /* FastestLap.swift */,
				2F4C9DA42A7E6A1400DBD1C7 /* RaceDataRoot.swift */,
				2FEEECEC2A7E922E00F51169 /* DriverDataRoot.swift */,
				2F4C9D9C2A7E6A1400DBD1C7 /* Location.swift */,
				2F4C9D9E2A7E6A1400DBD1C7 /* MRRaceData.swift */,
				2FEEECEE2A7E927F00F51169 /* MRDriverData.swift */,
				2F4C9DA02A7E6A1400DBD1C7 /* Races.swift */,
				2F4C9D9B2A7E6A1300DBD1C7 /* RaceTable.swift */,
				2FEEECF02A7E931F00F51169 /* DriverTable.swift */,
				2F4C9DA12A7E6A1400DBD1C7 /* Results.swift */,
				2F4C9D9D2A7E6A1400DBD1C7 /* Time.swift */,
			);
			path = Decodables;
			sourceTree = "<group>";
		};
		2F8C869A2A7CDBEB00E5EF82 = {
			isa = PBXGroup;
			children = (
				2F8C86A52A7CDBEB00E5EF82 /* StrandsF1SUI */,
				2F8C86BB2A7CDBED00E5EF82 /* StrandsF1SUITests */,
				2F8C86C52A7CDBED00E5EF82 /* StrandsF1SUIUITests */,
				2F8C86A42A7CDBEB00E5EF82 /* Products */,
			);
			sourceTree = "<group>";
		};
		2F8C86A42A7CDBEB00E5EF82 /* Products */ = {
			isa = PBXGroup;
			children = (
				2F8C86A32A7CDBEB00E5EF82 /* StrandsF1SUI.app */,
				2F8C86B82A7CDBED00E5EF82 /* StrandsF1SUITests.xctest */,
				2F8C86C22A7CDBED00E5EF82 /* StrandsF1SUIUITests.xctest */,
			);
			name = Products;
			sourceTree = "<group>";
		};
		2F8C86A52A7CDBEB00E5EF82 /* StrandsF1SUI */ = {
			isa = PBXGroup;
			children = (
				2F8C86DF2A7CDDFD00E5EF82 /* Globals.swift */,
				2F96F29C2A810B41003FA775 /* Color+Position.swift */,
				2F96F29E2A810B79003FA775 /* String+Date.swift */,
				2F96F2A02A810BB6003FA775 /* Date+DOB.swift */,
				2F8C86D52A7CDD8200E5EF82 /* Models */,
				2F8C86E22A7CDFED00E5EF82 /* Views */,
				2F8C86A62A7CDBEB00E5EF82 /* StrandsF1SUIApp.swift */,
				2F8C86AA2A7CDBEC00E5EF82 /* Assets.xcassets */,
				2F8C86AC2A7CDBEC00E5EF82 /* Preview Content */,
			);
			path = StrandsF1SUI;
			sourceTree = "<group>";
		};
		2F8C86AC2A7CDBEC00E5EF82 /* Preview Content */ = {
			isa = PBXGroup;
			children = (
				2F8C86DA2A7CDDCD00E5EF82 /* drivers.json */,
				2F4C9D972A7E676800DBD1C7 /* albon.json */,
				2F8C86AD2A7CDBEC00E5EF82 /* Preview Assets.xcassets */,
			);
			path = "Preview Content";
			sourceTree = "<group>";
		};
		2F8C86BB2A7CDBED00E5EF82 /* StrandsF1SUITests */ = {
			isa = PBXGroup;
			children = (
				2F8C86BC2A7CDBED00E5EF82 /* StrandsF1SUITests.swift */,
				2F86F5552A80DD3100549F7C /* StrandsF1DecodableTests.swift */,
			);
			path = StrandsF1SUITests;
			sourceTree = "<group>";
		};
		2F8C86C52A7CDBED00E5EF82 /* StrandsF1SUIUITests */ = {
			isa = PBXGroup;
			children = (
				2F8C86C62A7CDBED00E5EF82 /* StrandsF1SUIUITests.swift */,
				2F8C86C82A7CDBED00E5EF82 /* StrandsF1SUIUITestsLaunchTests.swift */,
			);
			path = StrandsF1SUIUITests;
			sourceTree = "<group>";
		};
		2F8C86D52A7CDD8200E5EF82 /* Models */ = {
			isa = PBXGroup;
			children = (
				2F4C9D992A7E69FE00DBD1C7 /* Decodables */,
				2F8C86E32A7CE01700E5EF82 /* CoreData */,
				2F8C86D92A7CDDCD00E5EF82 /* DriverModel.swift */,
				2FEEECF42A7EA64400F51169 /* DriverDetailModel.swift */,
				2F4C9D952A7E44D000DBD1C7 /* SortByField.swift */,
				2F8C86F02A7D0B6900E5EF82 /* CountryLookup.swift */,
				2F2A07BC2AA8D56D0090A41C /* RaceResult.swift */,
				2F2A07BE2AA8D5BF0090A41C /* APIError.swift */,
				2FE1DACC2AA97C060074EE91 /* API.swift */,
				2F2A07C02AA8D8920090A41C /* Cache.swift */,
			);
			path = Models;
			sourceTree = "<group>";
		};
		2F8C86E22A7CDFED00E5EF82 /* Views */ = {
			isa = PBXGroup;
			children = (
				2F8C86E42A7CE06A00E5EF82 /* DriverList.swift */,
				2F8C86EA2A7D025000E5EF82 /* DriverListCell.swift */,
				2F8C86ED2A7D08DF00E5EF82 /* DriverDetailView.swift */,
				2F49D64C2A7D1A40000C4484 /* DriverNumberView.swift */,
				2FEEECF22A7E9DC100F51169 /* RaceListCell.swift */,
				2F96F2992A80E43A003FA775 /* ResultsChart.swift */,
			);
			path = Views;
			sourceTree = "<group>";
		};
		2F8C86E32A7CE01700E5EF82 /* CoreData */ = {
			isa = PBXGroup;
			children = (
				2F8C86AF2A7CDBEC00E5EF82 /* Persistence.swift */,
				2F8C86B12A7CDBEC00E5EF82 /* StrandsF1SUI.xcdatamodeld */,
			);
			path = CoreData;
			sourceTree = "<group>";
		};
/* End PBXGroup section */

/* Begin PBXNativeTarget section */
		2F8C86A22A7CDBEB00E5EF82 /* StrandsF1SUI */ = {
			isa = PBXNativeTarget;
			buildConfigurationList = 2F8C86CC2A7CDBED00E5EF82 /* Build configuration list for PBXNativeTarget "StrandsF1SUI" */;
			buildPhases = (
				2F8C869F2A7CDBEB00E5EF82 /* Sources */,
				2F8C86A02A7CDBEB00E5EF82 /* Frameworks */,
				2F8C86A12A7CDBEB00E5EF82 /* Resources */,
			);
			buildRules = (
			);
			dependencies = (
			);
			name = StrandsF1SUI;
			productName = StrandsF1SUI;
			productReference = 2F8C86A32A7CDBEB00E5EF82 /* StrandsF1SUI.app */;
			productType = "com.apple.product-type.application";
		};
		2F8C86B72A7CDBED00E5EF82 /* StrandsF1SUITests */ = {
			isa = PBXNativeTarget;
			buildConfigurationList = 2F8C86CF2A7CDBED00E5EF82 /* Build configuration list for PBXNativeTarget "StrandsF1SUITests" */;
			buildPhases = (
				2F8C86B42A7CDBED00E5EF82 /* Sources */,
				2F8C86B52A7CDBED00E5EF82 /* Frameworks */,
				2F8C86B62A7CDBED00E5EF82 /* Resources */,
			);
			buildRules = (
			);
			dependencies = (
				2F8C86BA2A7CDBED00E5EF82 /* PBXTargetDependency */,
			);
			name = StrandsF1SUITests;
			productName = StrandsF1SUITests;
			productReference = 2F8C86B82A7CDBED00E5EF82 /* StrandsF1SUITests.xctest */;
			productType = "com.apple.product-type.bundle.unit-test";
		};
		2F8C86C12A7CDBED00E5EF82 /* StrandsF1SUIUITests */ = {
			isa = PBXNativeTarget;
			buildConfigurationList = 2F8C86D22A7CDBED00E5EF82 /* Build configuration list for PBXNativeTarget "StrandsF1SUIUITests" */;
			buildPhases = (
				2F8C86BE2A7CDBED00E5EF82 /* Sources */,
				2F8C86BF2A7CDBED00E5EF82 /* Frameworks */,
				2F8C86C02A7CDBED00E5EF82 /* Resources */,
			);
			buildRules = (
			);
			dependencies = (
				2F8C86C42A7CDBED00E5EF82 /* PBXTargetDependency */,
			);
			name = StrandsF1SUIUITests;
			productName = StrandsF1SUIUITests;
			productReference = 2F8C86C22A7CDBED00E5EF82 /* StrandsF1SUIUITests.xctest */;
			productType = "com.apple.product-type.bundle.ui-testing";
		};
/* End PBXNativeTarget section */

/* Begin PBXProject section */
		2F8C869B2A7CDBEB00E5EF82 /* Project object */ = {
			isa = PBXProject;
			attributes = {
				BuildIndependentTargetsInParallel = 1;
				LastSwiftUpdateCheck = 1430;
				LastUpgradeCheck = 1430;
				TargetAttributes = {
					2F8C86A22A7CDBEB00E5EF82 = {
						CreatedOnToolsVersion = 14.3.1;
					};
					2F8C86B72A7CDBED00E5EF82 = {
						CreatedOnToolsVersion = 14.3.1;
						TestTargetID = 2F8C86A22A7CDBEB00E5EF82;
					};
					2F8C86C12A7CDBED00E5EF82 = {
						CreatedOnToolsVersion = 14.3.1;
						TestTargetID = 2F8C86A22A7CDBEB00E5EF82;
					};
				};
			};
			buildConfigurationList = 2F8C869E2A7CDBEB00E5EF82 /* Build configuration list for PBXProject "StrandsF1SUI" */;
			compatibilityVersion = "Xcode 14.0";
			developmentRegion = en;
			hasScannedForEncodings = 0;
			knownRegions = (
				en,
				Base,
			);
			mainGroup = 2F8C869A2A7CDBEB00E5EF82;
			productRefGroup = 2F8C86A42A7CDBEB00E5EF82 /* Products */;
			projectDirPath = "";
			projectRoot = "";
			targets = (
				2F8C86A22A7CDBEB00E5EF82 /* StrandsF1SUI */,
				2F8C86B72A7CDBED00E5EF82 /* StrandsF1SUITests */,
				2F8C86C12A7CDBED00E5EF82 /* StrandsF1SUIUITests */,
			);
		};
/* End PBXProject section */

/* Begin PBXResourcesBuildPhase section */
		2F8C86A12A7CDBEB00E5EF82 /* Resources */ = {
			isa = PBXResourcesBuildPhase;
			buildActionMask = 2147483647;
			files = (
				2F8C86AE2A7CDBEC00E5EF82 /* Preview Assets.xcassets in Resources */,
				2F8C86AB2A7CDBEC00E5EF82 /* Assets.xcassets in Resources */,
				2F4C9D982A7E676800DBD1C7 /* albon.json in Resources */,
				2F8C86DD2A7CDDCD00E5EF82 /* drivers.json in Resources */,
			);
			runOnlyForDeploymentPostprocessing = 0;
		};
		2F8C86B62A7CDBED00E5EF82 /* Resources */ = {
			isa = PBXResourcesBuildPhase;
			buildActionMask = 2147483647;
			files = (
				2F4925742A7FB70D00149937 /* albon.json in Resources */,
				2F8C86DE2A7CDDCD00E5EF82 /* drivers.json in Resources */,
			);
			runOnlyForDeploymentPostprocessing = 0;
		};
		2F8C86C02A7CDBED00E5EF82 /* Resources */ = {
			isa = PBXResourcesBuildPhase;
			buildActionMask = 2147483647;
			files = (
			);
			runOnlyForDeploymentPostprocessing = 0;
		};
/* End PBXResourcesBuildPhase section */

/* Begin PBXSourcesBuildPhase section */
		2F8C869F2A7CDBEB00E5EF82 /* Sources */ = {
			isa = PBXSourcesBuildPhase;
			buildActionMask = 2147483647;
			files = (
				2F2A07BD2AA8D56D0090A41C /* RaceResult.swift in Sources */,
				2FEEECF12A7E931F00F51169 /* DriverTable.swift in Sources */,
				2F4C9DA72A7E6A1500DBD1C7 /* RaceTable.swift in Sources */,
				2F2A07BF2AA8D5BF0090A41C /* APIError.swift in Sources */,
				2F4C9D962A7E44D000DBD1C7 /* SortByField.swift in Sources */,
				2F4C9DA82A7E6A1500DBD1C7 /* Location.swift in Sources */,
				2F4C9DAD2A7E6A1500DBD1C7 /* Results.swift in Sources */,
				2F8C86EB2A7D025000E5EF82 /* DriverListCell.swift in Sources */,
				2FE1DACD2AA97C060074EE91 /* API.swift in Sources */,
				2F4C9DB02A7E6A1500DBD1C7 /* RaceDataRoot.swift in Sources */,
				2F96F2A12A810BB6003FA775 /* Date+DOB.swift in Sources */,
				2F4C9DAE2A7E6A1500DBD1C7 /* AverageSpeed.swift in Sources */,
				2F8C86B32A7CDBEC00E5EF82 /* StrandsF1SUI.xcdatamodeld in Sources */,
				2F4C9DA92A7E6A1500DBD1C7 /* Time.swift in Sources */,
				2F4C9DAA2A7E6A1500DBD1C7 /* MRRaceData.swift in Sources */,
				2F8C86F12A7D0B6900E5EF82 /* CountryLookup.swift in Sources */,
				2F8C86B02A7CDBEC00E5EF82 /* Persistence.swift in Sources */,
				2F8C86E52A7CE06A00E5EF82 /* DriverList.swift in Sources */,
				2F96F29D2A810B41003FA775 /* Color+Position.swift in Sources */,
				2F4C9DAC2A7E6A1500DBD1C7 /* Races.swift in Sources */,
				2F96F29F2A810B79003FA775 /* String+Date.swift in Sources */,
				2F8C86DB2A7CDDCD00E5EF82 /* DriverModel.swift in Sources */,
				2F2A07C12AA8D8920090A41C /* Cache.swift in Sources */,
				2FEEECED2A7E922E00F51169 /* DriverDataRoot.swift in Sources */,
				2F4C9DAF2A7E6A1500DBD1C7 /* FastestLap.swift in Sources */,
				2FEEECF52A7EA64400F51169 /* DriverDetailModel.swift in Sources */,
				2F8C86E02A7CDDFD00E5EF82 /* Globals.swift in Sources */,
				2F4C9DAB2A7E6A1500DBD1C7 /* Constructor.swift in Sources */,
				2FEEECEF2A7E927F00F51169 /* MRDriverData.swift in Sources */,
				2F4C9DB12A7E6A1500DBD1C7 /* Driver.swift in Sources */,
				2F49D64D2A7D1A40000C4484 /* DriverNumberView.swift in Sources */,
				2FEEECF32A7E9DC100F51169 /* RaceListCell.swift in Sources */,
				2F8C86A72A7CDBEB00E5EF82 /* StrandsF1SUIApp.swift in Sources */,
				2F96F29A2A80E43A003FA775 /* ResultsChart.swift in Sources */,
				2F8C86EE2A7D08DF00E5EF82 /* DriverDetailView.swift in Sources */,
				2F4C9DA62A7E6A1500DBD1C7 /* Circuit.swift in Sources */,
			);
			runOnlyForDeploymentPostprocessing = 0;
		};
		2F8C86B42A7CDBED00E5EF82 /* Sources */ = {
			isa = PBXSourcesBuildPhase;
			buildActionMask = 2147483647;
			files = (
				2F86F5452A80DC8800549F7C /* Driver.swift in Sources */,
				2F86F5472A80DC8E00549F7C /* Constructor.swift in Sources */,
				2F8C86EF2A7D08DF00E5EF82 /* DriverDetailView.swift in Sources */,
				2F8C86E62A7CE06A00E5EF82 /* DriverList.swift in Sources */,
				2F86F5562A80DD3100549F7C /* StrandsF1DecodableTests.swift in Sources */,
				2F86F5462A80DC8B00549F7C /* Circuit.swift in Sources */,
				2F86F54C2A80DC9A00549F7C /* MRRaceData.swift in Sources */,
				2F86F54F2A80DCA200549F7C /* RaceTable.swift in Sources */,
				2F86F54D2A80DC9C00549F7C /* MRDriverData.swift in Sources */,
				2F86F54B2A80DC9800549F7C /* Location.swift in Sources */,
				2F8C86E12A7CDDFD00E5EF82 /* Globals.swift in Sources */,
				2F86F5442A80DC8500549F7C /* AverageSpeed.swift in Sources */,
				2F86F5512A80DCA700549F7C /* Results.swift in Sources */,
				2F86F5522A80DCA900549F7C /* Time.swift in Sources */,
				2F86F5492A80DC9300549F7C /* RaceDataRoot.swift in Sources */,
				2F86F5422A80DC7300549F7C /* SortByField.swift in Sources */,
				2F86F54E2A80DC9E00549F7C /* Races.swift in Sources */,
				2F86F54A2A80DC9600549F7C /* DriverDataRoot.swift in Sources */,
				2F86F5482A80DC9100549F7C /* FastestLap.swift in Sources */,
				2F86F5432A80DC7900549F7C /* DriverDetailModel.swift in Sources */,
				2F8C86BD2A7CDBED00E5EF82 /* StrandsF1SUITests.swift in Sources */,
				2F8C86F22A7D0B6900E5EF82 /* CountryLookup.swift in Sources */,
				2F8C86EC2A7D025000E5EF82 /* DriverListCell.swift in Sources */,
				2F86F5532A80DCC000549F7C /* DriverNumberView.swift in Sources */,
				2F86F5502A80DCA400549F7C /* DriverTable.swift in Sources */,
				2F96F29B2A80E92F003FA775 /* ResultsChart.swift in Sources */,
				2F86F5542A80DCDD00549F7C /* RaceListCell.swift in Sources */,
				2F8C86DC2A7CDDCD00E5EF82 /* DriverModel.swift in Sources */,
			);
			runOnlyForDeploymentPostprocessing = 0;
		};
		2F8C86BE2A7CDBED00E5EF82 /* Sources */ = {
			isa = PBXSourcesBuildPhase;
			buildActionMask = 2147483647;
			files = (
				2F8C86C72A7CDBED00E5EF82 /* StrandsF1SUIUITests.swift in Sources */,
				2F8C86C92A7CDBED00E5EF82 /* StrandsF1SUIUITestsLaunchTests.swift in Sources */,
			);
			runOnlyForDeploymentPostprocessing = 0;
		};
/* End PBXSourcesBuildPhase section */

/* Begin PBXTargetDependency section */
		2F8C86BA2A7CDBED00E5EF82 /* PBXTargetDependency */ = {
			isa = PBXTargetDependency;
			target = 2F8C86A22A7CDBEB00E5EF82 /* StrandsF1SUI */;
			targetProxy = 2F8C86B92A7CDBED00E5EF82 /* PBXContainerItemProxy */;
		};
		2F8C86C42A7CDBED00E5EF82 /* PBXTargetDependency */ = {
			isa = PBXTargetDependency;
			target = 2F8C86A22A7CDBEB00E5EF82 /* StrandsF1SUI */;
			targetProxy = 2F8C86C32A7CDBED00E5EF82 /* PBXContainerItemProxy */;
		};
/* End PBXTargetDependency section */

/* Begin XCBuildConfiguration section */
		2F8C86CA2A7CDBED00E5EF82 /* Debug */ = {
			isa = XCBuildConfiguration;
			buildSettings = {
				ALWAYS_SEARCH_USER_PATHS = NO;
				CLANG_ANALYZER_NONNULL = YES;
				CLANG_ANALYZER_NUMBER_OBJECT_CONVERSION = YES_AGGRESSIVE;
				CLANG_CXX_LANGUAGE_STANDARD = "gnu++20";
				CLANG_ENABLE_MODULES = YES;
				CLANG_ENABLE_OBJC_ARC = YES;
				CLANG_ENABLE_OBJC_WEAK = YES;
				CLANG_WARN_BLOCK_CAPTURE_AUTORELEASING = YES;
				CLANG_WARN_BOOL_CONVERSION = YES;
				CLANG_WARN_COMMA = YES;
				CLANG_WARN_CONSTANT_CONVERSION = YES;
				CLANG_WARN_DEPRECATED_OBJC_IMPLEMENTATIONS = YES;
				CLANG_WARN_DIRECT_OBJC_ISA_USAGE = YES_ERROR;
				CLANG_WARN_DOCUMENTATION_COMMENTS = YES;
				CLANG_WARN_EMPTY_BODY = YES;
				CLANG_WARN_ENUM_CONVERSION = YES;
				CLANG_WARN_INFINITE_RECURSION = YES;
				CLANG_WARN_INT_CONVERSION = YES;
				CLANG_WARN_NON_LITERAL_NULL_CONVERSION = YES;
				CLANG_WARN_OBJC_IMPLICIT_RETAIN_SELF = YES;
				CLANG_WARN_OBJC_LITERAL_CONVERSION = YES;
				CLANG_WARN_OBJC_ROOT_CLASS = YES_ERROR;
				CLANG_WARN_QUOTED_INCLUDE_IN_FRAMEWORK_HEADER = YES;
				CLANG_WARN_RANGE_LOOP_ANALYSIS = YES;
				CLANG_WARN_STRICT_PROTOTYPES = YES;
				CLANG_WARN_SUSPICIOUS_MOVE = YES;
				CLANG_WARN_UNGUARDED_AVAILABILITY = YES_AGGRESSIVE;
				CLANG_WARN_UNREACHABLE_CODE = YES;
				CLANG_WARN__DUPLICATE_METHOD_MATCH = YES;
				COPY_PHASE_STRIP = NO;
				DEBUG_INFORMATION_FORMAT = dwarf;
				ENABLE_STRICT_OBJC_MSGSEND = YES;
				ENABLE_TESTABILITY = YES;
				GCC_C_LANGUAGE_STANDARD = gnu11;
				GCC_DYNAMIC_NO_PIC = NO;
				GCC_NO_COMMON_BLOCKS = YES;
				GCC_OPTIMIZATION_LEVEL = 0;
				GCC_PREPROCESSOR_DEFINITIONS = (
					"DEBUG=1",
					"$(inherited)",
				);
				GCC_WARN_64_TO_32_BIT_CONVERSION = YES;
				GCC_WARN_ABOUT_RETURN_TYPE = YES_ERROR;
				GCC_WARN_UNDECLARED_SELECTOR = YES;
				GCC_WARN_UNINITIALIZED_AUTOS = YES_AGGRESSIVE;
				GCC_WARN_UNUSED_FUNCTION = YES;
				GCC_WARN_UNUSED_VARIABLE = YES;
				IPHONEOS_DEPLOYMENT_TARGET = 16.4;
				MTL_ENABLE_DEBUG_INFO = INCLUDE_SOURCE;
				MTL_FAST_MATH = YES;
				ONLY_ACTIVE_ARCH = YES;
				SDKROOT = iphoneos;
				SWIFT_ACTIVE_COMPILATION_CONDITIONS = DEBUG;
				SWIFT_OPTIMIZATION_LEVEL = "-Onone";
			};
			name = Debug;
		};
		2F8C86CB2A7CDBED00E5EF82 /* Release */ = {
			isa = XCBuildConfiguration;
			buildSettings = {
				ALWAYS_SEARCH_USER_PATHS = NO;
				CLANG_ANALYZER_NONNULL = YES;
				CLANG_ANALYZER_NUMBER_OBJECT_CONVERSION = YES_AGGRESSIVE;
				CLANG_CXX_LANGUAGE_STANDARD = "gnu++20";
				CLANG_ENABLE_MODULES = YES;
				CLANG_ENABLE_OBJC_ARC = YES;
				CLANG_ENABLE_OBJC_WEAK = YES;
				CLANG_WARN_BLOCK_CAPTURE_AUTORELEASING = YES;
				CLANG_WARN_BOOL_CONVERSION = YES;
				CLANG_WARN_COMMA = YES;
				CLANG_WARN_CONSTANT_CONVERSION = YES;
				CLANG_WARN_DEPRECATED_OBJC_IMPLEMENTATIONS = YES;
				CLANG_WARN_DIRECT_OBJC_ISA_USAGE = YES_ERROR;
				CLANG_WARN_DOCUMENTATION_COMMENTS = YES;
				CLANG_WARN_EMPTY_BODY = YES;
				CLANG_WARN_ENUM_CONVERSION = YES;
				CLANG_WARN_INFINITE_RECURSION = YES;
				CLANG_WARN_INT_CONVERSION = YES;
				CLANG_WARN_NON_LITERAL_NULL_CONVERSION = YES;
				CLANG_WARN_OBJC_IMPLICIT_RETAIN_SELF = YES;
				CLANG_WARN_OBJC_LITERAL_CONVERSION = YES;
				CLANG_WARN_OBJC_ROOT_CLASS = YES_ERROR;
				CLANG_WARN_QUOTED_INCLUDE_IN_FRAMEWORK_HEADER = YES;
				CLANG_WARN_RANGE_LOOP_ANALYSIS = YES;
				CLANG_WARN_STRICT_PROTOTYPES = YES;
				CLANG_WARN_SUSPICIOUS_MOVE = YES;
				CLANG_WARN_UNGUARDED_AVAILABILITY = YES_AGGRESSIVE;
				CLANG_WARN_UNREACHABLE_CODE = YES;
				CLANG_WARN__DUPLICATE_METHOD_MATCH = YES;
				COPY_PHASE_STRIP = NO;
				DEBUG_INFORMATION_FORMAT = "dwarf-with-dsym";
				ENABLE_NS_ASSERTIONS = NO;
				ENABLE_STRICT_OBJC_MSGSEND = YES;
				GCC_C_LANGUAGE_STANDARD = gnu11;
				GCC_NO_COMMON_BLOCKS = YES;
				GCC_WARN_64_TO_32_BIT_CONVERSION = YES;
				GCC_WARN_ABOUT_RETURN_TYPE = YES_ERROR;
				GCC_WARN_UNDECLARED_SELECTOR = YES;
				GCC_WARN_UNINITIALIZED_AUTOS = YES_AGGRESSIVE;
				GCC_WARN_UNUSED_FUNCTION = YES;
				GCC_WARN_UNUSED_VARIABLE = YES;
				IPHONEOS_DEPLOYMENT_TARGET = 16.4;
				MTL_ENABLE_DEBUG_INFO = NO;
				MTL_FAST_MATH = YES;
				SDKROOT = iphoneos;
				SWIFT_COMPILATION_MODE = wholemodule;
				SWIFT_OPTIMIZATION_LEVEL = "-O";
				VALIDATE_PRODUCT = YES;
			};
			name = Release;
		};
		2F8C86CD2A7CDBED00E5EF82 /* Debug */ = {
			isa = XCBuildConfiguration;
			buildSettings = {
				ASSETCATALOG_COMPILER_APPICON_NAME = AppIcon;
				ASSETCATALOG_COMPILER_GLOBAL_ACCENT_COLOR_NAME = AccentColor;
				CODE_SIGN_STYLE = Automatic;
				CURRENT_PROJECT_VERSION = 1;
				DEVELOPMENT_ASSET_PATHS = "\"StrandsF1SUI/Preview Content\"";
				DEVELOPMENT_TEAM = 3G54NEN3F6;
				ENABLE_PREVIEWS = YES;
				GENERATE_INFOPLIST_FILE = YES;
				INFOPLIST_KEY_UIApplicationSceneManifest_Generation = YES;
				INFOPLIST_KEY_UIApplicationSupportsIndirectInputEvents = YES;
				INFOPLIST_KEY_UILaunchScreen_Generation = YES;
				INFOPLIST_KEY_UISupportedInterfaceOrientations_iPad = "UIInterfaceOrientationPortrait UIInterfaceOrientationPortraitUpsideDown UIInterfaceOrientationLandscapeLeft UIInterfaceOrientationLandscapeRight";
				INFOPLIST_KEY_UISupportedInterfaceOrientations_iPhone = "UIInterfaceOrientationPortrait UIInterfaceOrientationLandscapeLeft UIInterfaceOrientationLandscapeRight";
				LD_RUNPATH_SEARCH_PATHS = (
					"$(inherited)",
					"@executable_path/Frameworks",
				);
				MARKETING_VERSION = 1.0;
				PRODUCT_BUNDLE_IDENTIFIER = digital.marine.StrandsF1SUI;
				PRODUCT_NAME = "$(TARGET_NAME)";
				SWIFT_EMIT_LOC_STRINGS = YES;
				SWIFT_VERSION = 5.0;
				TARGETED_DEVICE_FAMILY = "1,2";
			};
			name = Debug;
		};
		2F8C86CE2A7CDBED00E5EF82 /* Release */ = {
			isa = XCBuildConfiguration;
			buildSettings = {
				ASSETCATALOG_COMPILER_APPICON_NAME = AppIcon;
				ASSETCATALOG_COMPILER_GLOBAL_ACCENT_COLOR_NAME = AccentColor;
				CODE_SIGN_STYLE = Automatic;
				CURRENT_PROJECT_VERSION = 1;
				DEVELOPMENT_ASSET_PATHS = "\"StrandsF1SUI/Preview Content\"";
				DEVELOPMENT_TEAM = 3G54NEN3F6;
				ENABLE_PREVIEWS = YES;
				GENERATE_INFOPLIST_FILE = YES;
				INFOPLIST_KEY_UIApplicationSceneManifest_Generation = YES;
				INFOPLIST_KEY_UIApplicationSupportsIndirectInputEvents = YES;
				INFOPLIST_KEY_UILaunchScreen_Generation = YES;
				INFOPLIST_KEY_UISupportedInterfaceOrientations_iPad = "UIInterfaceOrientationPortrait UIInterfaceOrientationPortraitUpsideDown UIInterfaceOrientationLandscapeLeft UIInterfaceOrientationLandscapeRight";
				INFOPLIST_KEY_UISupportedInterfaceOrientations_iPhone = "UIInterfaceOrientationPortrait UIInterfaceOrientationLandscapeLeft UIInterfaceOrientationLandscapeRight";
				LD_RUNPATH_SEARCH_PATHS = (
					"$(inherited)",
					"@executable_path/Frameworks",
				);
				MARKETING_VERSION = 1.0;
				PRODUCT_BUNDLE_IDENTIFIER = digital.marine.StrandsF1SUI;
				PRODUCT_NAME = "$(TARGET_NAME)";
				SWIFT_EMIT_LOC_STRINGS = YES;
				SWIFT_VERSION = 5.0;
				TARGETED_DEVICE_FAMILY = "1,2";
			};
			name = Release;
		};
		2F8C86D02A7CDBED00E5EF82 /* Debug */ = {
			isa = XCBuildConfiguration;
			buildSettings = {
				ALWAYS_EMBED_SWIFT_STANDARD_LIBRARIES = YES;
				BUNDLE_LOADER = "$(TEST_HOST)";
				CODE_SIGN_STYLE = Automatic;
				CURRENT_PROJECT_VERSION = 1;
				DEVELOPMENT_TEAM = 3G54NEN3F6;
				GENERATE_INFOPLIST_FILE = YES;
				IPHONEOS_DEPLOYMENT_TARGET = 16.4;
				MARKETING_VERSION = 1.0;
				PRODUCT_BUNDLE_IDENTIFIER = digital.marine.StrandsF1SUITests;
				PRODUCT_NAME = "$(TARGET_NAME)";
				SWIFT_EMIT_LOC_STRINGS = NO;
				SWIFT_VERSION = 5.0;
				TARGETED_DEVICE_FAMILY = "1,2";
				TEST_HOST = "$(BUILT_PRODUCTS_DIR)/StrandsF1SUI.app/$(BUNDLE_EXECUTABLE_FOLDER_PATH)/StrandsF1SUI";
			};
			name = Debug;
		};
		2F8C86D12A7CDBED00E5EF82 /* Release */ = {
			isa = XCBuildConfiguration;
			buildSettings = {
				ALWAYS_EMBED_SWIFT_STANDARD_LIBRARIES = YES;
				BUNDLE_LOADER = "$(TEST_HOST)";
				CODE_SIGN_STYLE = Automatic;
				CURRENT_PROJECT_VERSION = 1;
				DEVELOPMENT_TEAM = 3G54NEN3F6;
				GENERATE_INFOPLIST_FILE = YES;
				IPHONEOS_DEPLOYMENT_TARGET = 16.4;
				MARKETING_VERSION = 1.0;
				PRODUCT_BUNDLE_IDENTIFIER = digital.marine.StrandsF1SUITests;
				PRODUCT_NAME = "$(TARGET_NAME)";
				SWIFT_EMIT_LOC_STRINGS = NO;
				SWIFT_VERSION = 5.0;
				TARGETED_DEVICE_FAMILY = "1,2";
				TEST_HOST = "$(BUILT_PRODUCTS_DIR)/StrandsF1SUI.app/$(BUNDLE_EXECUTABLE_FOLDER_PATH)/StrandsF1SUI";
			};
			name = Release;
		};
		2F8C86D32A7CDBED00E5EF82 /* Debug */ = {
			isa = XCBuildConfiguration;
			buildSettings = {
				ALWAYS_EMBED_SWIFT_STANDARD_LIBRARIES = YES;
				CODE_SIGN_STYLE = Automatic;
				CURRENT_PROJECT_VERSION = 1;
				DEVELOPMENT_TEAM = 3G54NEN3F6;
				GENERATE_INFOPLIST_FILE = YES;
				MARKETING_VERSION = 1.0;
				PRODUCT_BUNDLE_IDENTIFIER = digital.marine.StrandsF1SUIUITests;
				PRODUCT_NAME = "$(TARGET_NAME)";
				SWIFT_EMIT_LOC_STRINGS = NO;
				SWIFT_VERSION = 5.0;
				TARGETED_DEVICE_FAMILY = "1,2";
				TEST_TARGET_NAME = StrandsF1SUI;
			};
			name = Debug;
		};
		2F8C86D42A7CDBED00E5EF82 /* Release */ = {
			isa = XCBuildConfiguration;
			buildSettings = {
				ALWAYS_EMBED_SWIFT_STANDARD_LIBRARIES = YES;
				CODE_SIGN_STYLE = Automatic;
				CURRENT_PROJECT_VERSION = 1;
				DEVELOPMENT_TEAM = 3G54NEN3F6;
				GENERATE_INFOPLIST_FILE = YES;
				MARKETING_VERSION = 1.0;
				PRODUCT_BUNDLE_IDENTIFIER = digital.marine.StrandsF1SUIUITests;
				PRODUCT_NAME = "$(TARGET_NAME)";
				SWIFT_EMIT_LOC_STRINGS = NO;
				SWIFT_VERSION = 5.0;
				TARGETED_DEVICE_FAMILY = "1,2";
				TEST_TARGET_NAME = StrandsF1SUI;
			};
			name = Release;
		};
/* End XCBuildConfiguration section */

/* Begin XCConfigurationList section */
		2F8C869E2A7CDBEB00E5EF82 /* Build configuration list for PBXProject "StrandsF1SUI" */ = {
			isa = XCConfigurationList;
			buildConfigurations = (
				2F8C86CA2A7CDBED00E5EF82 /* Debug */,
				2F8C86CB2A7CDBED00E5EF82 /* Release */,
			);
			defaultConfigurationIsVisible = 0;
			defaultConfigurationName = Release;
		};
		2F8C86CC2A7CDBED00E5EF82 /* Build configuration list for PBXNativeTarget "StrandsF1SUI" */ = {
			isa = XCConfigurationList;
			buildConfigurations = (
				2F8C86CD2A7CDBED00E5EF82 /* Debug */,
				2F8C86CE2A7CDBED00E5EF82 /* Release */,
			);
			defaultConfigurationIsVisible = 0;
			defaultConfigurationName = Release;
		};
		2F8C86CF2A7CDBED00E5EF82 /* Build configuration list for PBXNativeTarget "StrandsF1SUITests" */ = {
			isa = XCConfigurationList;
			buildConfigurations = (
				2F8C86D02A7CDBED00E5EF82 /* Debug */,
				2F8C86D12A7CDBED00E5EF82 /* Release */,
			);
			defaultConfigurationIsVisible = 0;
			defaultConfigurationName = Release;
		};
		2F8C86D22A7CDBED00E5EF82 /* Build configuration list for PBXNativeTarget "StrandsF1SUIUITests" */ = {
			isa = XCConfigurationList;
			buildConfigurations = (
				2F8C86D32A7CDBED00E5EF82 /* Debug */,
				2F8C86D42A7CDBED00E5EF82 /* Release */,
			);
			defaultConfigurationIsVisible = 0;
			defaultConfigurationName = Release;
		};
/* End XCConfigurationList section */

/* Begin XCVersionGroup section */
		2F8C86B12A7CDBEC00E5EF82 /* StrandsF1SUI.xcdatamodeld */ = {
			isa = XCVersionGroup;
			children = (
				2F8C86B22A7CDBEC00E5EF82 /* StrandsF1SUI.xcdatamodel */,
			);
			currentVersion = 2F8C86B22A7CDBEC00E5EF82 /* StrandsF1SUI.xcdatamodel */;
			path = StrandsF1SUI.xcdatamodeld;
			sourceTree = "<group>";
			versionGroupType = wrapper.xcdatamodel;
		};
/* End XCVersionGroup section */
	};
	rootObject = 2F8C869B2A7CDBEB00E5EF82 /* Project object */;
}
