// !$*UTF8*$!
{
	archiveVersion = 1;
	classes = {
	};
	objectVersion = 56;
	objects = {

/* Begin PBXBuildFile section */
		2F2A07BD2AA8D56D0090A41C /* RaceResult.swift in Sources */ = {isa = PBXBuildFile; fileRef = 2F2A07BC2AA8D56D0090A41C /* RaceResult.swift */; };
		2F2A07BF2AA8D5BF0090A41C /* ServiceUtils.swift in Sources */ = {isa = PBXBuildFile; fileRef = 2F2A07BE2AA8D5BF0090A41C /* ServiceUtils.swift */; };
		2F2A07C12AA8D8920090A41C /* Cache.swift in Sources */ = {isa = PBXBuildFile; fileRef = 2F2A07C02AA8D8920090A41C /* Cache.swift */; };
		2F4925742A7FB70D00149937 /* albon.json in Resources */ = {isa = PBXBuildFile; fileRef = 2F4C9D972A7E676800DBD1C7 /* albon.json */; };
		2F49D64D2A7D1A40000C4484 /* DriverNumberView.swift in Sources */ = {isa = PBXBuildFile; fileRef = 2F49D64C2A7D1A40000C4484 /* DriverNumberView.swift */; };
		2F4C9D962A7E44D000DBD1C7 /* SortByField.swift in Sources */ = {isa = PBXBuildFile; fileRef = 2F4C9D952A7E44D000DBD1C7 /* SortByField.swift */; };
		2F4C9D982A7E676800DBD1C7 /* albon.json in Resources */ = {isa = PBXBuildFile; fileRef = 2F4C9D972A7E676800DBD1C7 /* albon.json */; };
		2F4C9DA62A7E6A1500DBD1C7 /* Circuit.swift in Sources */ = {isa = PBXBuildFile; fileRef = 2F4C9D9A2A7E6A1300DBD1C7 /* Circuit.swift */; };
		2F4C9DA72A7E6A1500DBD1C7 /* RaceTable.swift in Sources */ = {isa = PBXBuildFile; fileRef = 2F4C9D9B2A7E6A1300DBD1C7 /* RaceTable.swift */; };
		2F4C9DA82A7E6A1500DBD1C7 /* Location.swift in Sources */ = {isa = PBXBuildFile; fileRef = 2F4C9D9C2A7E6A1400DBD1C7 /* Location.swift */; };
		2F4C9DA92A7E6A1500DBD1C7 /* Time.swift in Sources */ = {isa = PBXBuildFile; fileRef = 2F4C9D9D2A7E6A1400DBD1C7 /* Time.swift */; };
		2F4C9DAA2A7E6A1500DBD1C7 /* MRRaceData.swift in Sources */ = {isa = PBXBuildFile; fileRef = 2F4C9D9E2A7E6A1400DBD1C7 /* MRRaceData.swift */; };
		2F4C9DAB2A7E6A1500DBD1C7 /* Constructor.swift in Sources */ = {isa = PBXBuildFile; fileRef = 2F4C9D9F2A7E6A1400DBD1C7 /* Constructor.swift */; };
		2F4C9DAC2A7E6A1500DBD1C7 /* Races.swift in Sources */ = {isa = PBXBuildFile; fileRef = 2F4C9DA02A7E6A1400DBD1C7 /* Races.swift */; };
		2F4C9DAD2A7E6A1500DBD1C7 /* Results.swift in Sources */ = {isa = PBXBuildFile; fileRef = 2F4C9DA12A7E6A1400DBD1C7 /* Results.swift */; };
		2F4C9DAE2A7E6A1500DBD1C7 /* AverageSpeed.swift in Sources */ = {isa = PBXBuildFile; fileRef = 2F4C9DA22A7E6A1400DBD1C7 /* AverageSpeed.swift */; };
		2F4C9DAF2A7E6A1500DBD1C7 /* FastestLap.swift in Sources */ = {isa = PBXBuildFile; fileRef = 2F4C9DA32A7E6A1400DBD1C7 /* FastestLap.swift */; };
		2F4C9DB02A7E6A1500DBD1C7 /* RaceDataRoot.swift in Sources */ = {isa = PBXBuildFile; fileRef = 2F4C9DA42A7E6A1400DBD1C7 /* RaceDataRoot.swift */; };
		2F4C9DB12A7E6A1500DBD1C7 /* Driver.swift in Sources */ = {isa = PBXBuildFile; fileRef = 2F4C9DA52A7E6A1500DBD1C7 /* Driver.swift */; };
		2F86F5422A80DC7300549F7C /* SortByField.swift in Sources */ = {isa = PBXBuildFile; fileRef = 2F4C9D952A7E44D000DBD1C7 /* SortByField.swift */; };
		2F86F5442A80DC8500549F7C /* AverageSpeed.swift in Sources */ = {isa = PBXBuildFile; fileRef = 2F4C9DA22A7E6A1400DBD1C7 /* AverageSpeed.swift */; };
		2F86F5452A80DC8800549F7C /* Driver.swift in Sources */ = {isa = PBXBuildFile; fileRef = 2F4C9DA52A7E6A1500DBD1C7 /* Driver.swift */; };
		2F86F5462A80DC8B00549F7C /* Circuit.swift in Sources */ = {isa = PBXBuildFile; fileRef = 2F4C9D9A2A7E6A1300DBD1C7 /* Circuit.swift */; };
		2F86F5472A80DC8E00549F7C /* Constructor.swift in Sources */ = {isa = PBXBuildFile; fileRef = 2F4C9D9F2A7E6A1400DBD1C7 /* Constructor.swift */; };
		2F86F5482A80DC9100549F7C /* FastestLap.swift in Sources */ = {isa = PBXBuildFile; fileRef = 2F4C9DA32A7E6A1400DBD1C7 /* FastestLap.swift */; };
		2F86F5492A80DC9300549F7C /* RaceDataRoot.swift in Sources */ = {isa = PBXBuildFile; fileRef = 2F4C9DA42A7E6A1400DBD1C7 /* RaceDataRoot.swift */; };
		2F86F54A2A80DC9600549F7C /* DriverDataRoot.swift in Sources */ = {isa = PBXBuildFile; fileRef = 2FEEECEC2A7E922E00F51169 /* DriverDataRoot.swift */; };
		2F86F54B2A80DC9800549F7C /* Location.swift in Sources */ = {isa = PBXBuildFile; fileRef = 2F4C9D9C2A7E6A1400DBD1C7 /* Location.swift */; };
		2F86F54C2A80DC9A00549F7C /* MRRaceData.swift in Sources */ = {isa = PBXBuildFile; fileRef = 2F4C9D9E2A7E6A1400DBD1C7 /* MRRaceData.swift */; };
		2F86F54D2A80DC9C00549F7C /* MRDriverData.swift in Sources */ = {isa = PBXBuildFile; fileRef = 2FEEECEE2A7E927F00F51169 /* MRDriverData.swift */; };
		2F86F54E2A80DC9E00549F7C /* Races.swift in Sources */ = {isa = PBXBuildFile; fileRef = 2F4C9DA02A7E6A1400DBD1C7 /* Races.swift */; };
		2F86F54F2A80DCA200549F7C /* RaceTable.swift in Sources */ = {isa = PBXBuildFile; fileRef = 2F4C9D9B2A7E6A1300DBD1C7 /* RaceTable.swift */; };
		2F86F5502A80DCA400549F7C /* DriverTable.swift in Sources */ = {isa = PBXBuildFile; fileRef = 2FEEECF02A7E931F00F51169 /* DriverTable.swift */; };
		2F86F5512A80DCA700549F7C /* Results.swift in Sources */ = {isa = PBXBuildFile; fileRef = 2F4C9DA12A7E6A1400DBD1C7 /* Results.swift */; };
		2F86F5522A80DCA900549F7C /* Time.swift in Sources */ = {isa = PBXBuildFile; fileRef = 2F4C9D9D2A7E6A1400DBD1C7 /* Time.swift */; };
		2F86F5562A80DD3100549F7C /* StrandsF1DecodableTests.swift in Sources */ = {isa = PBXBuildFile; fileRef = 2F86F5552A80DD3100549F7C /* StrandsF1DecodableTests.swift */; };
		2F876B782AAA29CF0083F6F7 /* Popup.swift in Sources */ = {isa = PBXBuildFile; fileRef = 2F876B772AAA29CE0083F6F7 /* Popup.swift */; };
		2F876B7A2AAA2A9E0083F6F7 /* NetworkMonitor.swift in Sources */ = {isa = PBXBuildFile; fileRef = 2F876B792AAA2A9E0083F6F7 /* NetworkMonitor.swift */; };
		2F876B7D2AAA2B4D0083F6F7 /* WarningPanel.swift in Sources */ = {isa = PBXBuildFile; fileRef = 2F876B7C2AAA2B4D0083F6F7 /* WarningPanel.swift */; };
		2F876B7F2AAA2B5B0083F6F7 /* CustomShape.swift in Sources */ = {isa = PBXBuildFile; fileRef = 2F876B7E2AAA2B5B0083F6F7 /* CustomShape.swift */; };
		2F876B832AAA37DE0083F6F7 /* PlotMark.swift in Sources */ = {isa = PBXBuildFile; fileRef = 2F876B822AAA37DE0083F6F7 /* PlotMark.swift */; };
		2F8C86A72A7CDBEB00E5EF82 /* StrandsF1SUIApp.swift in Sources */ = {isa = PBXBuildFile; fileRef = 2F8C86A62A7CDBEB00E5EF82 /* StrandsF1SUIApp.swift */; };
		2F8C86AB2A7CDBEC00E5EF82 /* Assets.xcassets in Resources */ = {isa = PBXBuildFile; fileRef = 2F8C86AA2A7CDBEC00E5EF82 /* Assets.xcassets */; };
		2F8C86AE2A7CDBEC00E5EF82 /* Preview Assets.xcassets in Resources */ = {isa = PBXBuildFile; fileRef = 2F8C86AD2A7CDBEC00E5EF82 /* Preview Assets.xcassets */; };
		2F8C86B02A7CDBEC00E5EF82 /* Persistence.swift in Sources */ = {isa = PBXBuildFile; fileRef = 2F8C86AF2A7CDBEC00E5EF82 /* Persistence.swift */; };
		2F8C86B32A7CDBEC00E5EF82 /* StrandsF1SUI.xcdatamodeld in Sources */ = {isa = PBXBuildFile; fileRef = 2F8C86B12A7CDBEC00E5EF82 /* StrandsF1SUI.xcdatamodeld */; };
		2F8C86BD2A7CDBED00E5EF82 /* StrandsF1SUITests.swift in Sources */ = {isa = PBXBuildFile; fileRef = 2F8C86BC2A7CDBED00E5EF82 /* StrandsF1SUITests.swift */; };
		2F8C86C72A7CDBED00E5EF82 /* StrandsF1SUIUITests.swift in Sources */ = {isa = PBXBuildFile; fileRef = 2F8C86C62A7CDBED00E5EF82 /* StrandsF1SUIUITests.swift */; };
		2F8C86C92A7CDBED00E5EF82 /* StrandsF1SUIUITestsLaunchTests.swift in Sources */ = {isa = PBXBuildFile; fileRef = 2F8C86C82A7CDBED00E5EF82 /* StrandsF1SUIUITestsLaunchTests.swift */; };
		2F8C86DB2A7CDDCD00E5EF82 /* RaceService.swift in Sources */ = {isa = PBXBuildFile; fileRef = 2F8C86D92A7CDDCD00E5EF82 /* RaceService.swift */; };
		2F8C86DD2A7CDDCD00E5EF82 /* drivers.json in Resources */ = {isa = PBXBuildFile; fileRef = 2F8C86DA2A7CDDCD00E5EF82 /* drivers.json */; };
		2F8C86DE2A7CDDCD00E5EF82 /* drivers.json in Resources */ = {isa = PBXBuildFile; fileRef = 2F8C86DA2A7CDDCD00E5EF82 /* drivers.json */; };
		2F8C86E02A7CDDFD00E5EF82 /* Globals.swift in Sources */ = {isa = PBXBuildFile; fileRef = 2F8C86DF2A7CDDFD00E5EF82 /* Globals.swift */; };
		2F8C86E12A7CDDFD00E5EF82 /* Globals.swift in Sources */ = {isa = PBXBuildFile; fileRef = 2F8C86DF2A7CDDFD00E5EF82 /* Globals.swift */; };
		2F8C86E52A7CE06A00E5EF82 /* DriverList.swift in Sources */ = {isa = PBXBuildFile; fileRef = 2F8C86E42A7CE06A00E5EF82 /* DriverList.swift */; };
		2F8C86EB2A7D025000E5EF82 /* DriverListCell.swift in Sources */ = {isa = PBXBuildFile; fileRef = 2F8C86EA2A7D025000E5EF82 /* DriverListCell.swift */; };
		2F8C86EE2A7D08DF00E5EF82 /* DriverDetailView.swift in Sources */ = {isa = PBXBuildFile; fileRef = 2F8C86ED2A7D08DF00E5EF82 /* DriverDetailView.swift */; };
		2F8C86F12A7D0B6900E5EF82 /* CountryLookup.swift in Sources */ = {isa = PBXBuildFile; fileRef = 2F8C86F02A7D0B6900E5EF82 /* CountryLookup.swift */; };
		2F8C86F22A7D0B6900E5EF82 /* CountryLookup.swift in Sources */ = {isa = PBXBuildFile; fileRef = 2F8C86F02A7D0B6900E5EF82 /* CountryLookup.swift */; };
		2F96F29A2A80E43A003FA775 /* ResultsChart.swift in Sources */ = {isa = PBXBuildFile; fileRef = 2F96F2992A80E43A003FA775 /* ResultsChart.swift */; };
		2F96F29D2A810B41003FA775 /* Color+Position.swift in Sources */ = {isa = PBXBuildFile; fileRef = 2F96F29C2A810B41003FA775 /* Color+Position.swift */; };
		2F96F29F2A810B79003FA775 /* String+Date.swift in Sources */ = {isa = PBXBuildFile; fileRef = 2F96F29E2A810B79003FA775 /* String+Date.swift */; };
		2F96F2A12A810BB6003FA775 /* Date+DOB.swift in Sources */ = {isa = PBXBuildFile; fileRef = 2F96F2A02A810BB6003FA775 /* Date+DOB.swift */; };
		2FA0921E2B45562D00E57D81 /* StrandsTVApp.swift in Sources */ = {isa = PBXBuildFile; fileRef = 2FA0921D2B45562D00E57D81 /* StrandsTVApp.swift */; };
		2FA092202B45562D00E57D81 /* ContentView.swift in Sources */ = {isa = PBXBuildFile; fileRef = 2FA0921F2B45562D00E57D81 /* ContentView.swift */; };
		2FA092222B45563000E57D81 /* Assets.xcassets in Resources */ = {isa = PBXBuildFile; fileRef = 2FA092212B45563000E57D81 /* Assets.xcassets */; };
		2FA092252B45563000E57D81 /* Preview Assets.xcassets in Resources */ = {isa = PBXBuildFile; fileRef = 2FA092242B45563000E57D81 /* Preview Assets.xcassets */; };
		2FA092342B45563100E57D81 /* StrandsTVTests.swift in Sources */ = {isa = PBXBuildFile; fileRef = 2FA092332B45563100E57D81 /* StrandsTVTests.swift */; };
		2FA0923E2B45563100E57D81 /* StrandsTVUITests.swift in Sources */ = {isa = PBXBuildFile; fileRef = 2FA0923D2B45563100E57D81 /* StrandsTVUITests.swift */; };
		2FA092402B45563100E57D81 /* StrandsTVUITestsLaunchTests.swift in Sources */ = {isa = PBXBuildFile; fileRef = 2FA0923F2B45563100E57D81 /* StrandsTVUITestsLaunchTests.swift */; };
		2FA0924B2B455A8500E57D81 /* Globals.swift in Sources */ = {isa = PBXBuildFile; fileRef = 2F8C86DF2A7CDDFD00E5EF82 /* Globals.swift */; };
		2FA0924C2B455A8600E57D81 /* Globals.swift in Sources */ = {isa = PBXBuildFile; fileRef = 2F8C86DF2A7CDDFD00E5EF82 /* Globals.swift */; };
		2FA0924D2B455A8F00E57D81 /* Color+Position.swift in Sources */ = {isa = PBXBuildFile; fileRef = 2F96F29C2A810B41003FA775 /* Color+Position.swift */; };
		2FA0924E2B455A9200E57D81 /* String+Date.swift in Sources */ = {isa = PBXBuildFile; fileRef = 2F96F29E2A810B79003FA775 /* String+Date.swift */; };
		2FA0924F2B455A9500E57D81 /* Date+DOB.swift in Sources */ = {isa = PBXBuildFile; fileRef = 2F96F2A02A810BB6003FA775 /* Date+DOB.swift */; };
		2FA092502B455AA100E57D81 /* AverageSpeed.swift in Sources */ = {isa = PBXBuildFile; fileRef = 2F4C9DA22A7E6A1400DBD1C7 /* AverageSpeed.swift */; };
		2FA092512B455AA100E57D81 /* Races.swift in Sources */ = {isa = PBXBuildFile; fileRef = 2F4C9DA02A7E6A1400DBD1C7 /* Races.swift */; };
		2FA092522B455AA100E57D81 /* Time.swift in Sources */ = {isa = PBXBuildFile; fileRef = 2F4C9D9D2A7E6A1400DBD1C7 /* Time.swift */; };
		2FA092532B455AA100E57D81 /* Location.swift in Sources */ = {isa = PBXBuildFile; fileRef = 2F4C9D9C2A7E6A1400DBD1C7 /* Location.swift */; };
		2FA092542B455AA100E57D81 /* Circuit.swift in Sources */ = {isa = PBXBuildFile; fileRef = 2F4C9D9A2A7E6A1300DBD1C7 /* Circuit.swift */; };
		2FA092552B455AA100E57D81 /* MRDriverData.swift in Sources */ = {isa = PBXBuildFile; fileRef = 2FEEECEE2A7E927F00F51169 /* MRDriverData.swift */; };
		2FA092562B455AA100E57D81 /* Driver.swift in Sources */ = {isa = PBXBuildFile; fileRef = 2F4C9DA52A7E6A1500DBD1C7 /* Driver.swift */; };
		2FA092572B455AA100E57D81 /* MRRaceData.swift in Sources */ = {isa = PBXBuildFile; fileRef = 2F4C9D9E2A7E6A1400DBD1C7 /* MRRaceData.swift */; };
		2FA092582B455AA100E57D81 /* RaceTable.swift in Sources */ = {isa = PBXBuildFile; fileRef = 2F4C9D9B2A7E6A1300DBD1C7 /* RaceTable.swift */; };
		2FA092592B455AA100E57D81 /* Results.swift in Sources */ = {isa = PBXBuildFile; fileRef = 2F4C9DA12A7E6A1400DBD1C7 /* Results.swift */; };
		2FA0925A2B455AA100E57D81 /* DriverTable.swift in Sources */ = {isa = PBXBuildFile; fileRef = 2FEEECF02A7E931F00F51169 /* DriverTable.swift */; };
		2FA0925B2B455AA100E57D81 /* Constructor.swift in Sources */ = {isa = PBXBuildFile; fileRef = 2F4C9D9F2A7E6A1400DBD1C7 /* Constructor.swift */; };
		2FA0925C2B455AA100E57D81 /* FastestLap.swift in Sources */ = {isa = PBXBuildFile; fileRef = 2F4C9DA32A7E6A1400DBD1C7 /* FastestLap.swift */; };
		2FA0925D2B455AA100E57D81 /* DriverDataRoot.swift in Sources */ = {isa = PBXBuildFile; fileRef = 2FEEECEC2A7E922E00F51169 /* DriverDataRoot.swift */; };
		2FA0925E2B455AA100E57D81 /* RaceDataRoot.swift in Sources */ = {isa = PBXBuildFile; fileRef = 2F4C9DA42A7E6A1400DBD1C7 /* RaceDataRoot.swift */; };
		2FA0926E2B455AB100E57D81 /* Persistence.swift in Sources */ = {isa = PBXBuildFile; fileRef = 2F8C86AF2A7CDBEC00E5EF82 /* Persistence.swift */; };
		2FA0926F2B455AB700E57D81 /* StrandsF1SUI.xcdatamodeld in Sources */ = {isa = PBXBuildFile; fileRef = 2F8C86B12A7CDBEC00E5EF82 /* StrandsF1SUI.xcdatamodeld */; };
		2FA092702B455AC000E57D81 /* PlotMark.swift in Sources */ = {isa = PBXBuildFile; fileRef = 2F876B822AAA37DE0083F6F7 /* PlotMark.swift */; };
		2FA092712B455AC000E57D81 /* NetworkMonitor.swift in Sources */ = {isa = PBXBuildFile; fileRef = 2F876B792AAA2A9E0083F6F7 /* NetworkMonitor.swift */; };
		2FA092722B455AC000E57D81 /* ServiceUtils.swift in Sources */ = {isa = PBXBuildFile; fileRef = 2F2A07BE2AA8D5BF0090A41C /* ServiceUtils.swift */; };
		2FA092732B455AC000E57D81 /* CountryLookup.swift in Sources */ = {isa = PBXBuildFile; fileRef = 2F8C86F02A7D0B6900E5EF82 /* CountryLookup.swift */; };
		2FA092742B455AC000E57D81 /* RaceResult.swift in Sources */ = {isa = PBXBuildFile; fileRef = 2F2A07BC2AA8D56D0090A41C /* RaceResult.swift */; };
		2FA092752B455AC000E57D81 /* SortByField.swift in Sources */ = {isa = PBXBuildFile; fileRef = 2F4C9D952A7E44D000DBD1C7 /* SortByField.swift */; };
		2FA092762B455AC000E57D81 /* RaceService.swift in Sources */ = {isa = PBXBuildFile; fileRef = 2F8C86D92A7CDDCD00E5EF82 /* RaceService.swift */; };
		2FA092772B455AC000E57D81 /* DriverService.swift in Sources */ = {isa = PBXBuildFile; fileRef = 2FE1DACC2AA97C060074EE91 /* DriverService.swift */; };
		2FA092792B455AC000E57D81 /* Cache.swift in Sources */ = {isa = PBXBuildFile; fileRef = 2F2A07C02AA8D8920090A41C /* Cache.swift */; };
		2FA0927A2B455ACC00E57D81 /* DriverNumberView.swift in Sources */ = {isa = PBXBuildFile; fileRef = 2F49D64C2A7D1A40000C4484 /* DriverNumberView.swift */; };
		2FA0927E2B456C3F00E57D81 /* HomeView.swift in Sources */ = {isa = PBXBuildFile; fileRef = 2FA0927C2B456BD600E57D81 /* HomeView.swift */; };
		2FA092822B4572D300E57D81 /* DriverGridCell.swift in Sources */ = {isa = PBXBuildFile; fileRef = 2FA092802B4572A200E57D81 /* DriverGridCell.swift */; };
		2FA092882B45877800E57D81 /* DriverDetail.swift in Sources */ = {isa = PBXBuildFile; fileRef = 2FA092862B45874500E57D81 /* DriverDetail.swift */; };
		2FCBEFA92B45E0D000808A61 /* RaceListCell.swift in Sources */ = {isa = PBXBuildFile; fileRef = 2FEEECF22A7E9DC100F51169 /* RaceListCell.swift */; };
		2FCBEFAA2B45E5D500808A61 /* ResultsChart.swift in Sources */ = {isa = PBXBuildFile; fileRef = 2F96F2992A80E43A003FA775 /* ResultsChart.swift */; };
		2FCBEFAC2B45EE3300808A61 /* images.json in Resources */ = {isa = PBXBuildFile; fileRef = 2FCBEFAB2B45EE3300808A61 /* images.json */; };
		2FCBEFAD2B4603FA00808A61 /* images.json in Resources */ = {isa = PBXBuildFile; fileRef = 2FCBEFAB2B45EE3300808A61 /* images.json */; };
		2FCBEFAE2B46040000808A61 /* images.json in Resources */ = {isa = PBXBuildFile; fileRef = 2FCBEFAB2B45EE3300808A61 /* images.json */; };
		2FCBEFAF2B46040100808A61 /* images.json in Resources */ = {isa = PBXBuildFile; fileRef = 2FCBEFAB2B45EE3300808A61 /* images.json */; };
		2FCBEFB22B4605F600808A61 /* Kingfisher in Frameworks */ = {isa = PBXBuildFile; productRef = 2FCBEFB12B4605F600808A61 /* Kingfisher */; };
		2FE1DACD2AA97C060074EE91 /* DriverService.swift in Sources */ = {isa = PBXBuildFile; fileRef = 2FE1DACC2AA97C060074EE91 /* DriverService.swift */; };
		2FE1DAD02AA98F0D0074EE91 /* README.md in Resources */ = {isa = PBXBuildFile; fileRef = 2FE1DACF2AA98F0D0074EE91 /* README.md */; };
		2FEEECED2A7E922E00F51169 /* DriverDataRoot.swift in Sources */ = {isa = PBXBuildFile; fileRef = 2FEEECEC2A7E922E00F51169 /* DriverDataRoot.swift */; };
		2FEEECEF2A7E927F00F51169 /* MRDriverData.swift in Sources */ = {isa = PBXBuildFile; fileRef = 2FEEECEE2A7E927F00F51169 /* MRDriverData.swift */; };
		2FEEECF12A7E931F00F51169 /* DriverTable.swift in Sources */ = {isa = PBXBuildFile; fileRef = 2FEEECF02A7E931F00F51169 /* DriverTable.swift */; };
		2FEEECF32A7E9DC100F51169 /* RaceListCell.swift in Sources */ = {isa = PBXBuildFile; fileRef = 2FEEECF22A7E9DC100F51169 /* RaceListCell.swift */; };
/* End PBXBuildFile section */

/* Begin PBXContainerItemProxy section */
		2F8C86B92A7CDBED00E5EF82 /* PBXContainerItemProxy */ = {
			isa = PBXContainerItemProxy;
			containerPortal = 2F8C869B2A7CDBEB00E5EF82 /* Project object */;
			proxyType = 1;
			remoteGlobalIDString = 2F8C86A22A7CDBEB00E5EF82;
			remoteInfo = StrandsF1SUI;
		};
		2F8C86C32A7CDBED00E5EF82 /* PBXContainerItemProxy */ = {
			isa = PBXContainerItemProxy;
			containerPortal = 2F8C869B2A7CDBEB00E5EF82 /* Project object */;
			proxyType = 1;
			remoteGlobalIDString = 2F8C86A22A7CDBEB00E5EF82;
			remoteInfo = StrandsF1SUI;
		};
		2FA092302B45563100E57D81 /* PBXContainerItemProxy */ = {
			isa = PBXContainerItemProxy;
			containerPortal = 2F8C869B2A7CDBEB00E5EF82 /* Project object */;
			proxyType = 1;
			remoteGlobalIDString = 2FA0921A2B45562D00E57D81;
			remoteInfo = StrandsTV;
		};
		2FA0923A2B45563100E57D81 /* PBXContainerItemProxy */ = {
			isa = PBXContainerItemProxy;
			containerPortal = 2F8C869B2A7CDBEB00E5EF82 /* Project object */;
			proxyType = 1;
			remoteGlobalIDString = 2FA0921A2B45562D00E57D81;
			remoteInfo = StrandsTV;
		};
/* End PBXContainerItemProxy section */

/* Begin PBXFileReference section */
		2F2A07BC2AA8D56D0090A41C /* RaceResult.swift */ = {isa = PBXFileReference; lastKnownFileType = sourcecode.swift; path = RaceResult.swift; sourceTree = "<group>"; };
		2F2A07BE2AA8D5BF0090A41C /* ServiceUtils.swift */ = {isa = PBXFileReference; lastKnownFileType = sourcecode.swift; path = ServiceUtils.swift; sourceTree = "<group>"; };
		2F2A07C02AA8D8920090A41C /* Cache.swift */ = {isa = PBXFileReference; lastKnownFileType = sourcecode.swift; path = Cache.swift; sourceTree = "<group>"; };
		2F49D64C2A7D1A40000C4484 /* DriverNumberView.swift */ = {isa = PBXFileReference; lastKnownFileType = sourcecode.swift; path = DriverNumberView.swift; sourceTree = "<group>"; };
		2F4C9D952A7E44D000DBD1C7 /* SortByField.swift */ = {isa = PBXFileReference; lastKnownFileType = sourcecode.swift; path = SortByField.swift; sourceTree = "<group>"; };
		2F4C9D972A7E676800DBD1C7 /* albon.json */ = {isa = PBXFileReference; lastKnownFileType = text.json; path = albon.json; sourceTree = "<group>"; };
		2F4C9D9A2A7E6A1300DBD1C7 /* Circuit.swift */ = {isa = PBXFileReference; fileEncoding = 4; lastKnownFileType = sourcecode.swift; path = Circuit.swift; sourceTree = "<group>"; };
		2F4C9D9B2A7E6A1300DBD1C7 /* RaceTable.swift */ = {isa = PBXFileReference; fileEncoding = 4; lastKnownFileType = sourcecode.swift; path = RaceTable.swift; sourceTree = "<group>"; };
		2F4C9D9C2A7E6A1400DBD1C7 /* Location.swift */ = {isa = PBXFileReference; fileEncoding = 4; lastKnownFileType = sourcecode.swift; path = Location.swift; sourceTree = "<group>"; };
		2F4C9D9D2A7E6A1400DBD1C7 /* Time.swift */ = {isa = PBXFileReference; fileEncoding = 4; lastKnownFileType = sourcecode.swift; path = Time.swift; sourceTree = "<group>"; };
		2F4C9D9E2A7E6A1400DBD1C7 /* MRRaceData.swift */ = {isa = PBXFileReference; fileEncoding = 4; lastKnownFileType = sourcecode.swift; path = MRRaceData.swift; sourceTree = "<group>"; };
		2F4C9D9F2A7E6A1400DBD1C7 /* Constructor.swift */ = {isa = PBXFileReference; fileEncoding = 4; lastKnownFileType = sourcecode.swift; path = Constructor.swift; sourceTree = "<group>"; };
		2F4C9DA02A7E6A1400DBD1C7 /* Races.swift */ = {isa = PBXFileReference; fileEncoding = 4; lastKnownFileType = sourcecode.swift; path = Races.swift; sourceTree = "<group>"; };
		2F4C9DA12A7E6A1400DBD1C7 /* Results.swift */ = {isa = PBXFileReference; fileEncoding = 4; lastKnownFileType = sourcecode.swift; path = Results.swift; sourceTree = "<group>"; };
		2F4C9DA22A7E6A1400DBD1C7 /* AverageSpeed.swift */ = {isa = PBXFileReference; fileEncoding = 4; lastKnownFileType = sourcecode.swift; path = AverageSpeed.swift; sourceTree = "<group>"; };
		2F4C9DA32A7E6A1400DBD1C7 /* FastestLap.swift */ = {isa = PBXFileReference; fileEncoding = 4; lastKnownFileType = sourcecode.swift; path = FastestLap.swift; sourceTree = "<group>"; };
		2F4C9DA42A7E6A1400DBD1C7 /* RaceDataRoot.swift */ = {isa = PBXFileReference; fileEncoding = 4; lastKnownFileType = sourcecode.swift; path = RaceDataRoot.swift; sourceTree = "<group>"; };
		2F4C9DA52A7E6A1500DBD1C7 /* Driver.swift */ = {isa = PBXFileReference; fileEncoding = 4; lastKnownFileType = sourcecode.swift; path = Driver.swift; sourceTree = "<group>"; };
		2F8421692AA9E34B002AF4D7 /* PlotMark.swift */ = {isa = PBXFileReference; lastKnownFileType = sourcecode.swift; path = PlotMark.swift; sourceTree = "<group>"; };
		2F86F5552A80DD3100549F7C /* StrandsF1DecodableTests.swift */ = {isa = PBXFileReference; lastKnownFileType = sourcecode.swift; path = StrandsF1DecodableTests.swift; sourceTree = "<group>"; };
		2F876B772AAA29CE0083F6F7 /* Popup.swift */ = {isa = PBXFileReference; fileEncoding = 4; lastKnownFileType = sourcecode.swift; path = Popup.swift; sourceTree = "<group>"; };
		2F876B792AAA2A9E0083F6F7 /* NetworkMonitor.swift */ = {isa = PBXFileReference; fileEncoding = 4; lastKnownFileType = sourcecode.swift; path = NetworkMonitor.swift; sourceTree = "<group>"; };
		2F876B7C2AAA2B4D0083F6F7 /* WarningPanel.swift */ = {isa = PBXFileReference; fileEncoding = 4; lastKnownFileType = sourcecode.swift; path = WarningPanel.swift; sourceTree = "<group>"; };
		2F876B7E2AAA2B5B0083F6F7 /* CustomShape.swift */ = {isa = PBXFileReference; fileEncoding = 4; lastKnownFileType = sourcecode.swift; path = CustomShape.swift; sourceTree = "<group>"; };
		2F876B822AAA37DE0083F6F7 /* PlotMark.swift */ = {isa = PBXFileReference; fileEncoding = 4; lastKnownFileType = sourcecode.swift; path = PlotMark.swift; sourceTree = "<group>"; };
		2F8C86A32A7CDBEB00E5EF82 /* StrandsF1SUI.app */ = {isa = PBXFileReference; explicitFileType = wrapper.application; includeInIndex = 0; path = StrandsF1SUI.app; sourceTree = BUILT_PRODUCTS_DIR; };
		2F8C86A62A7CDBEB00E5EF82 /* StrandsF1SUIApp.swift */ = {isa = PBXFileReference; lastKnownFileType = sourcecode.swift; path = StrandsF1SUIApp.swift; sourceTree = "<group>"; };
		2F8C86AA2A7CDBEC00E5EF82 /* Assets.xcassets */ = {isa = PBXFileReference; lastKnownFileType = folder.assetcatalog; path = Assets.xcassets; sourceTree = "<group>"; };
		2F8C86AD2A7CDBEC00E5EF82 /* Preview Assets.xcassets */ = {isa = PBXFileReference; lastKnownFileType = folder.assetcatalog; path = "Preview Assets.xcassets"; sourceTree = "<group>"; };
		2F8C86AF2A7CDBEC00E5EF82 /* Persistence.swift */ = {isa = PBXFileReference; lastKnownFileType = sourcecode.swift; path = Persistence.swift; sourceTree = "<group>"; };
		2F8C86B22A7CDBEC00E5EF82 /* StrandsF1SUI.xcdatamodel */ = {isa = PBXFileReference; lastKnownFileType = wrapper.xcdatamodel; path = StrandsF1SUI.xcdatamodel; sourceTree = "<group>"; };
		2F8C86B82A7CDBED00E5EF82 /* StrandsF1SUITests.xctest */ = {isa = PBXFileReference; explicitFileType = wrapper.cfbundle; includeInIndex = 0; path = StrandsF1SUITests.xctest; sourceTree = BUILT_PRODUCTS_DIR; };
		2F8C86BC2A7CDBED00E5EF82 /* StrandsF1SUITests.swift */ = {isa = PBXFileReference; lastKnownFileType = sourcecode.swift; path = StrandsF1SUITests.swift; sourceTree = "<group>"; };
		2F8C86C22A7CDBED00E5EF82 /* StrandsF1SUIUITests.xctest */ = {isa = PBXFileReference; explicitFileType = wrapper.cfbundle; includeInIndex = 0; path = StrandsF1SUIUITests.xctest; sourceTree = BUILT_PRODUCTS_DIR; };
		2F8C86C62A7CDBED00E5EF82 /* StrandsF1SUIUITests.swift */ = {isa = PBXFileReference; lastKnownFileType = sourcecode.swift; path = StrandsF1SUIUITests.swift; sourceTree = "<group>"; };
		2F8C86C82A7CDBED00E5EF82 /* StrandsF1SUIUITestsLaunchTests.swift */ = {isa = PBXFileReference; lastKnownFileType = sourcecode.swift; path = StrandsF1SUIUITestsLaunchTests.swift; sourceTree = "<group>"; };
		2F8C86D92A7CDDCD00E5EF82 /* RaceService.swift */ = {isa = PBXFileReference; fileEncoding = 4; lastKnownFileType = sourcecode.swift; path = RaceService.swift; sourceTree = "<group>"; };
		2F8C86DA2A7CDDCD00E5EF82 /* drivers.json */ = {isa = PBXFileReference; fileEncoding = 4; lastKnownFileType = text.json; path = drivers.json; sourceTree = "<group>"; };
		2F8C86DF2A7CDDFD00E5EF82 /* Globals.swift */ = {isa = PBXFileReference; fileEncoding = 4; lastKnownFileType = sourcecode.swift; path = Globals.swift; sourceTree = "<group>"; };
		2F8C86E42A7CE06A00E5EF82 /* DriverList.swift */ = {isa = PBXFileReference; lastKnownFileType = sourcecode.swift; path = DriverList.swift; sourceTree = "<group>"; };
		2F8C86EA2A7D025000E5EF82 /* DriverListCell.swift */ = {isa = PBXFileReference; lastKnownFileType = sourcecode.swift; path = DriverListCell.swift; sourceTree = "<group>"; };
		2F8C86ED2A7D08DF00E5EF82 /* DriverDetailView.swift */ = {isa = PBXFileReference; lastKnownFileType = sourcecode.swift; path = DriverDetailView.swift; sourceTree = "<group>"; };
		2F8C86F02A7D0B6900E5EF82 /* CountryLookup.swift */ = {isa = PBXFileReference; lastKnownFileType = sourcecode.swift; path = CountryLookup.swift; sourceTree = "<group>"; };
		2F96F2992A80E43A003FA775 /* ResultsChart.swift */ = {isa = PBXFileReference; lastKnownFileType = sourcecode.swift; path = ResultsChart.swift; sourceTree = "<group>"; };
		2F96F29C2A810B41003FA775 /* Color+Position.swift */ = {isa = PBXFileReference; lastKnownFileType = sourcecode.swift; path = "Color+Position.swift"; sourceTree = "<group>"; };
		2F96F29E2A810B79003FA775 /* String+Date.swift */ = {isa = PBXFileReference; lastKnownFileType = sourcecode.swift; path = "String+Date.swift"; sourceTree = "<group>"; };
		2F96F2A02A810BB6003FA775 /* Date+DOB.swift */ = {isa = PBXFileReference; lastKnownFileType = sourcecode.swift; path = "Date+DOB.swift"; sourceTree = "<group>"; };
		2FA0921B2B45562D00E57D81 /* StrandsTV.app */ = {isa = PBXFileReference; explicitFileType = wrapper.application; includeInIndex = 0; path = StrandsTV.app; sourceTree = BUILT_PRODUCTS_DIR; };
		2FA0921D2B45562D00E57D81 /* StrandsTVApp.swift */ = {isa = PBXFileReference; lastKnownFileType = sourcecode.swift; path = StrandsTVApp.swift; sourceTree = "<group>"; };
		2FA0921F2B45562D00E57D81 /* ContentView.swift */ = {isa = PBXFileReference; lastKnownFileType = sourcecode.swift; path = ContentView.swift; sourceTree = "<group>"; };
		2FA092212B45563000E57D81 /* Assets.xcassets */ = {isa = PBXFileReference; lastKnownFileType = folder.assetcatalog; path = Assets.xcassets; sourceTree = "<group>"; };
		2FA092242B45563000E57D81 /* Preview Assets.xcassets */ = {isa = PBXFileReference; lastKnownFileType = folder.assetcatalog; path = "Preview Assets.xcassets"; sourceTree = "<group>"; };
		2FA0922F2B45563100E57D81 /* StrandsTVTests.xctest */ = {isa = PBXFileReference; explicitFileType = wrapper.cfbundle; includeInIndex = 0; path = StrandsTVTests.xctest; sourceTree = BUILT_PRODUCTS_DIR; };
		2FA092332B45563100E57D81 /* StrandsTVTests.swift */ = {isa = PBXFileReference; lastKnownFileType = sourcecode.swift; path = StrandsTVTests.swift; sourceTree = "<group>"; };
		2FA092392B45563100E57D81 /* StrandsTVUITests.xctest */ = {isa = PBXFileReference; explicitFileType = wrapper.cfbundle; includeInIndex = 0; path = StrandsTVUITests.xctest; sourceTree = BUILT_PRODUCTS_DIR; };
		2FA0923D2B45563100E57D81 /* StrandsTVUITests.swift */ = {isa = PBXFileReference; lastKnownFileType = sourcecode.swift; path = StrandsTVUITests.swift; sourceTree = "<group>"; };
		2FA0923F2B45563100E57D81 /* StrandsTVUITestsLaunchTests.swift */ = {isa = PBXFileReference; lastKnownFileType = sourcecode.swift; path = StrandsTVUITestsLaunchTests.swift; sourceTree = "<group>"; };
		2FA0927C2B456BD600E57D81 /* HomeView.swift */ = {isa = PBXFileReference; lastKnownFileType = sourcecode.swift; path = HomeView.swift; sourceTree = "<group>"; };
		2FA092802B4572A200E57D81 /* DriverGridCell.swift */ = {isa = PBXFileReference; fileEncoding = 4; lastKnownFileType = sourcecode.swift; path = DriverGridCell.swift; sourceTree = "<group>"; };
		2FA092862B45874500E57D81 /* DriverDetail.swift */ = {isa = PBXFileReference; fileEncoding = 4; lastKnownFileType = sourcecode.swift; path = DriverDetail.swift; sourceTree = "<group>"; };
		2FCBEFAB2B45EE3300808A61 /* images.json */ = {isa = PBXFileReference; lastKnownFileType = text.json; path = images.json; sourceTree = "<group>"; };
		2FE1DACC2AA97C060074EE91 /* DriverService.swift */ = {isa = PBXFileReference; lastKnownFileType = sourcecode.swift; path = DriverService.swift; sourceTree = "<group>"; };
		2FE1DACF2AA98F0D0074EE91 /* README.md */ = {isa = PBXFileReference; fileEncoding = 4; lastKnownFileType = net.daringfireball.markdown; path = README.md; sourceTree = SOURCE_ROOT; };
		2FEEECEC2A7E922E00F51169 /* DriverDataRoot.swift */ = {isa = PBXFileReference; lastKnownFileType = sourcecode.swift; path = DriverDataRoot.swift; sourceTree = "<group>"; };
		2FEEECEE2A7E927F00F51169 /* MRDriverData.swift */ = {isa = PBXFileReference; lastKnownFileType = sourcecode.swift; path = MRDriverData.swift; sourceTree = "<group>"; };
		2FEEECF02A7E931F00F51169 /* DriverTable.swift */ = {isa = PBXFileReference; lastKnownFileType = sourcecode.swift; path = DriverTable.swift; sourceTree = "<group>"; };
		2FEEECF22A7E9DC100F51169 /* RaceListCell.swift */ = {isa = PBXFileReference; lastKnownFileType = sourcecode.swift; path = RaceListCell.swift; sourceTree = "<group>"; };
/* End PBXFileReference section */

/* Begin PBXFrameworksBuildPhase section */
		2F8C86A02A7CDBEB00E5EF82 /* Frameworks */ = {
			isa = PBXFrameworksBuildPhase;
			buildActionMask = 2147483647;
			files = (
			);
			runOnlyForDeploymentPostprocessing = 0;
		};
		2F8C86B52A7CDBED00E5EF82 /* Frameworks */ = {
			isa = PBXFrameworksBuildPhase;
			buildActionMask = 2147483647;
			files = (
			);
			runOnlyForDeploymentPostprocessing = 0;
		};
		2F8C86BF2A7CDBED00E5EF82 /* Frameworks */ = {
			isa = PBXFrameworksBuildPhase;
			buildActionMask = 2147483647;
			files = (
			);
			runOnlyForDeploymentPostprocessing = 0;
		};
		2FA092182B45562D00E57D81 /* Frameworks */ = {
			isa = PBXFrameworksBuildPhase;
			buildActionMask = 2147483647;
			files = (
				2FCBEFB22B4605F600808A61 /* Kingfisher in Frameworks */,
			);
			runOnlyForDeploymentPostprocessing = 0;
		};
		2FA0922C2B45563100E57D81 /* Frameworks */ = {
			isa = PBXFrameworksBuildPhase;
			buildActionMask = 2147483647;
			files = (
			);
			runOnlyForDeploymentPostprocessing = 0;
		};
		2FA092362B45563100E57D81 /* Frameworks */ = {
			isa = PBXFrameworksBuildPhase;
			buildActionMask = 2147483647;
			files = (
			);
			runOnlyForDeploymentPostprocessing = 0;
		};
/* End PBXFrameworksBuildPhase section */

/* Begin PBXGroup section */
		2F4C9D992A7E69FE00DBD1C7 /* Decodables */ = {
			isa = PBXGroup;
			children = (
				2F4C9DA22A7E6A1400DBD1C7 /* AverageSpeed.swift */,
				2F4C9D9A2A7E6A1300DBD1C7 /* Circuit.swift */,
				2F4C9D9F2A7E6A1400DBD1C7 /* Constructor.swift */,
				2F4C9DA52A7E6A1500DBD1C7 /* Driver.swift */,
				2F4C9DA32A7E6A1400DBD1C7 /* FastestLap.swift */,
				2F4C9DA42A7E6A1400DBD1C7 /* RaceDataRoot.swift */,
				2FEEECEC2A7E922E00F51169 /* DriverDataRoot.swift */,
				2F4C9D9C2A7E6A1400DBD1C7 /* Location.swift */,
				2F4C9D9E2A7E6A1400DBD1C7 /* MRRaceData.swift */,
				2FEEECEE2A7E927F00F51169 /* MRDriverData.swift */,
				2F4C9DA02A7E6A1400DBD1C7 /* Races.swift */,
				2F4C9D9B2A7E6A1300DBD1C7 /* RaceTable.swift */,
				2FEEECF02A7E931F00F51169 /* DriverTable.swift */,
				2F4C9DA12A7E6A1400DBD1C7 /* Results.swift */,
				2F4C9D9D2A7E6A1400DBD1C7 /* Time.swift */,
			);
			path = Decodables;
			sourceTree = "<group>";
		};
		2F876B7B2AAA2B390083F6F7 /* Custom Popup */ = {
			isa = PBXGroup;
			children = (
				2F876B7E2AAA2B5B0083F6F7 /* CustomShape.swift */,
				2F876B772AAA29CE0083F6F7 /* Popup.swift */,
				2F876B7C2AAA2B4D0083F6F7 /* WarningPanel.swift */,
			);
			path = "Custom Popup";
			sourceTree = "<group>";
		};
		2F876B812AAA37910083F6F7 /* Recovered References */ = {
			isa = PBXGroup;
			children = (
				2F8421692AA9E34B002AF4D7 /* PlotMark.swift */,
			);
			name = "Recovered References";
			sourceTree = "<group>";
		};
		2F8C869A2A7CDBEB00E5EF82 = {
			isa = PBXGroup;
			children = (
				2F8C86A52A7CDBEB00E5EF82 /* StrandsF1SUI */,
				2F8C86A42A7CDBEB00E5EF82 /* Products */,
				2F876B812AAA37910083F6F7 /* Recovered References */,
			);
			sourceTree = "<group>";
		};
		2F8C86A42A7CDBEB00E5EF82 /* Products */ = {
			isa = PBXGroup;
			children = (
				2F8C86A32A7CDBEB00E5EF82 /* StrandsF1SUI.app */,
				2F8C86B82A7CDBED00E5EF82 /* StrandsF1SUITests.xctest */,
				2F8C86C22A7CDBED00E5EF82 /* StrandsF1SUIUITests.xctest */,
				2FA0921B2B45562D00E57D81 /* StrandsTV.app */,
				2FA0922F2B45563100E57D81 /* StrandsTVTests.xctest */,
				2FA092392B45563100E57D81 /* StrandsTVUITests.xctest */,
			);
			name = Products;
			sourceTree = "<group>";
		};
		2F8C86A52A7CDBEB00E5EF82 /* StrandsF1SUI */ = {
			isa = PBXGroup;
			children = (
				2FA0924A2B455A6200E57D81 /* Shared */,
				2FA0927B2B455BF200E57D81 /* Strands_iOS */,
				2F8C86BB2A7CDBED00E5EF82 /* Strands_iOS_Tests */,
				2F8C86C52A7CDBED00E5EF82 /* Strands_iOS_UITests */,
				2FA0921C2B45562D00E57D81 /* Strands_tvOS */,
				2FA092322B45563100E57D81 /* Strands_tvOS_Tests */,
				2FA0923C2B45563100E57D81 /* Strands_tvOS_UITests */,
				2FE1DACF2AA98F0D0074EE91 /* README.md */,
				2F8C86AC2A7CDBEC00E5EF82 /* Preview Content */,
			);
			path = StrandsF1SUI;
			sourceTree = "<group>";
		};
		2F8C86AC2A7CDBEC00E5EF82 /* Preview Content */ = {
			isa = PBXGroup;
			children = (
				2F8C86DA2A7CDDCD00E5EF82 /* drivers.json */,
				2F4C9D972A7E676800DBD1C7 /* albon.json */,
				2F8C86AD2A7CDBEC00E5EF82 /* Preview Assets.xcassets */,
			);
			path = "Preview Content";
			sourceTree = "<group>";
		};
		2F8C86BB2A7CDBED00E5EF82 /* Strands_iOS_Tests */ = {
			isa = PBXGroup;
			children = (
				2F8C86BC2A7CDBED00E5EF82 /* StrandsF1SUITests.swift */,
				2F86F5552A80DD3100549F7C /* StrandsF1DecodableTests.swift */,
			);
			path = Strands_iOS_Tests;
			sourceTree = "<group>";
		};
		2F8C86C52A7CDBED00E5EF82 /* Strands_iOS_UITests */ = {
			isa = PBXGroup;
			children = (
				2F8C86C62A7CDBED00E5EF82 /* StrandsF1SUIUITests.swift */,
				2F8C86C82A7CDBED00E5EF82 /* StrandsF1SUIUITestsLaunchTests.swift */,
			);
			path = Strands_iOS_UITests;
			sourceTree = "<group>";
		};
		2F8C86D52A7CDD8200E5EF82 /* Models */ = {
			isa = PBXGroup;
			children = (
				2F4C9D992A7E69FE00DBD1C7 /* Decodables */,
				2F2A07C02AA8D8920090A41C /* Cache.swift */,
				2F8C86F02A7D0B6900E5EF82 /* CountryLookup.swift */,
				2F876B792AAA2A9E0083F6F7 /* NetworkMonitor.swift */,
				2F876B822AAA37DE0083F6F7 /* PlotMark.swift */,
				2F2A07BC2AA8D56D0090A41C /* RaceResult.swift */,
				2F4C9D952A7E44D000DBD1C7 /* SortByField.swift */,
				2FCBEFAB2B45EE3300808A61 /* images.json */,
			);
			path = Models;
			sourceTree = "<group>";
		};
		2F8C86E22A7CDFED00E5EF82 /* Views */ = {
			isa = PBXGroup;
			children = (
				2F876B7B2AAA2B390083F6F7 /* Custom Popup */,
				2F8C86E42A7CE06A00E5EF82 /* DriverList.swift */,
				2F8C86EA2A7D025000E5EF82 /* DriverListCell.swift */,
				2F8C86ED2A7D08DF00E5EF82 /* DriverDetailView.swift */,
				2F49D64C2A7D1A40000C4484 /* DriverNumberView.swift */,
				2FEEECF22A7E9DC100F51169 /* RaceListCell.swift */,
			);
			path = Views;
			sourceTree = "<group>";
		};
		2F8C86E32A7CE01700E5EF82 /* CoreData */ = {
			isa = PBXGroup;
			children = (
				2F8C86AF2A7CDBEC00E5EF82 /* Persistence.swift */,
				2F8C86B12A7CDBEC00E5EF82 /* StrandsF1SUI.xcdatamodeld */,
			);
			path = CoreData;
			sourceTree = "<group>";
		};
		2FA0921C2B45562D00E57D81 /* Strands_tvOS */ = {
			isa = PBXGroup;
			children = (
				2FE4652F2B481FF1008D79E7 /* Views */,
				2FA0921D2B45562D00E57D81 /* StrandsTVApp.swift */,
				2FA092212B45563000E57D81 /* Assets.xcassets */,
				2FA092232B45563000E57D81 /* Preview Content */,
			);
			path = Strands_tvOS;
			sourceTree = "<group>";
		};
		2FA092232B45563000E57D81 /* Preview Content */ = {
			isa = PBXGroup;
			children = (
				2FA092242B45563000E57D81 /* Preview Assets.xcassets */,
			);
			path = "Preview Content";
			sourceTree = "<group>";
		};
		2FA092322B45563100E57D81 /* Strands_tvOS_Tests */ = {
			isa = PBXGroup;
			children = (
				2FA092332B45563100E57D81 /* StrandsTVTests.swift */,
			);
			path = Strands_tvOS_Tests;
			sourceTree = "<group>";
		};
		2FA0923C2B45563100E57D81 /* Strands_tvOS_UITests */ = {
			isa = PBXGroup;
			children = (
				2FA0923D2B45563100E57D81 /* StrandsTVUITests.swift */,
				2FA0923F2B45563100E57D81 /* StrandsTVUITestsLaunchTests.swift */,
			);
			path = Strands_tvOS_UITests;
			sourceTree = "<group>";
		};
		2FA0924A2B455A6200E57D81 /* Shared */ = {
			isa = PBXGroup;
			children = (
				2FE465302B48202C008D79E7 /* Views */,
				2FCBEFB32B4714AB00808A61 /* Services */,
				2F8C86D52A7CDD8200E5EF82 /* Models */,
				2F8C86E32A7CE01700E5EF82 /* CoreData */,
				2F8C86DF2A7CDDFD00E5EF82 /* Globals.swift */,
				2F96F29C2A810B41003FA775 /* Color+Position.swift */,
				2F96F29E2A810B79003FA775 /* String+Date.swift */,
				2F96F2A02A810BB6003FA775 /* Date+DOB.swift */,
			);
			path = Shared;
			sourceTree = "<group>";
		};
		2FA0927B2B455BF200E57D81 /* Strands_iOS */ = {
			isa = PBXGroup;
			children = (
				2F8C86AA2A7CDBEC00E5EF82 /* Assets.xcassets */,
				2F8C86A62A7CDBEB00E5EF82 /* StrandsF1SUIApp.swift */,
				2F8C86E22A7CDFED00E5EF82 /* Views */,
			);
			path = Strands_iOS;
			sourceTree = "<group>";
		};
		2FCBEFB32B4714AB00808A61 /* Services */ = {
			isa = PBXGroup;
			children = (
				2FE1DACC2AA97C060074EE91 /* DriverService.swift */,
				2F8C86D92A7CDDCD00E5EF82 /* RaceService.swift */,
				2F2A07BE2AA8D5BF0090A41C /* ServiceUtils.swift */,
			);
			path = Services;
			sourceTree = "<group>";
		};
		2FE4652F2B481FF1008D79E7 /* Views */ = {
			isa = PBXGroup;
			children = (
				2FA0921F2B45562D00E57D81 /* ContentView.swift */,
				2FA0927C2B456BD600E57D81 /* HomeView.swift */,
				2FA092862B45874500E57D81 /* DriverDetail.swift */,
				2FA092802B4572A200E57D81 /* DriverGridCell.swift */,
			);
			path = Views;
			sourceTree = "<group>";
		};
		2FE465302B48202C008D79E7 /* Views */ = {
			isa = PBXGroup;
			children = (
				2F96F2992A80E43A003FA775 /* ResultsChart.swift */,
			);
			path = Views;
			sourceTree = "<group>";
		};
/* End PBXGroup section */

/* Begin PBXNativeTarget section */
		2F8C86A22A7CDBEB00E5EF82 /* StrandsF1SUI */ = {
			isa = PBXNativeTarget;
			buildConfigurationList = 2F8C86CC2A7CDBED00E5EF82 /* Build configuration list for PBXNativeTarget "StrandsF1SUI" */;
			buildPhases = (
				2F8C869F2A7CDBEB00E5EF82 /* Sources */,
				2F8C86A02A7CDBEB00E5EF82 /* Frameworks */,
				2F8C86A12A7CDBEB00E5EF82 /* Resources */,
			);
			buildRules = (
			);
			dependencies = (
			);
			name = StrandsF1SUI;
			productName = StrandsF1SUI;
			productReference = 2F8C86A32A7CDBEB00E5EF82 /* StrandsF1SUI.app */;
			productType = "com.apple.product-type.application";
		};
		2F8C86B72A7CDBED00E5EF82 /* StrandsF1SUITests */ = {
			isa = PBXNativeTarget;
			buildConfigurationList = 2F8C86CF2A7CDBED00E5EF82 /* Build configuration list for PBXNativeTarget "StrandsF1SUITests" */;
			buildPhases = (
				2F8C86B42A7CDBED00E5EF82 /* Sources */,
				2F8C86B52A7CDBED00E5EF82 /* Frameworks */,
				2F8C86B62A7CDBED00E5EF82 /* Resources */,
			);
			buildRules = (
			);
			dependencies = (
				2F8C86BA2A7CDBED00E5EF82 /* PBXTargetDependency */,
			);
			name = StrandsF1SUITests;
			productName = StrandsF1SUITests;
			productReference = 2F8C86B82A7CDBED00E5EF82 /* StrandsF1SUITests.xctest */;
			productType = "com.apple.product-type.bundle.unit-test";
		};
		2F8C86C12A7CDBED00E5EF82 /* StrandsF1SUIUITests */ = {
			isa = PBXNativeTarget;
			buildConfigurationList = 2F8C86D22A7CDBED00E5EF82 /* Build configuration list for PBXNativeTarget "StrandsF1SUIUITests" */;
			buildPhases = (
				2F8C86BE2A7CDBED00E5EF82 /* Sources */,
				2F8C86BF2A7CDBED00E5EF82 /* Frameworks */,
				2F8C86C02A7CDBED00E5EF82 /* Resources */,
			);
			buildRules = (
			);
			dependencies = (
				2F8C86C42A7CDBED00E5EF82 /* PBXTargetDependency */,
			);
			name = StrandsF1SUIUITests;
			productName = StrandsF1SUIUITests;
			productReference = 2F8C86C22A7CDBED00E5EF82 /* StrandsF1SUIUITests.xctest */;
			productType = "com.apple.product-type.bundle.ui-testing";
		};
		2FA0921A2B45562D00E57D81 /* StrandsTV */ = {
			isa = PBXNativeTarget;
			buildConfigurationList = 2FA092472B45563100E57D81 /* Build configuration list for PBXNativeTarget "StrandsTV" */;
			buildPhases = (
				2FA092172B45562D00E57D81 /* Sources */,
				2FA092182B45562D00E57D81 /* Frameworks */,
				2FA092192B45562D00E57D81 /* Resources */,
			);
			buildRules = (
			);
			dependencies = (
			);
			name = StrandsTV;
			packageProductDependencies = (
				2FCBEFB12B4605F600808A61 /* Kingfisher */,
			);
			productName = StrandsTV;
			productReference = 2FA0921B2B45562D00E57D81 /* StrandsTV.app */;
			productType = "com.apple.product-type.application";
		};
		2FA0922E2B45563100E57D81 /* StrandsTVTests */ = {
			isa = PBXNativeTarget;
			buildConfigurationList = 2FA092482B45563100E57D81 /* Build configuration list for PBXNativeTarget "StrandsTVTests" */;
			buildPhases = (
				2FA0922B2B45563100E57D81 /* Sources */,
				2FA0922C2B45563100E57D81 /* Frameworks */,
				2FA0922D2B45563100E57D81 /* Resources */,
			);
			buildRules = (
			);
			dependencies = (
				2FA092312B45563100E57D81 /* PBXTargetDependency */,
			);
			name = StrandsTVTests;
			productName = StrandsTVTests;
			productReference = 2FA0922F2B45563100E57D81 /* StrandsTVTests.xctest */;
			productType = "com.apple.product-type.bundle.unit-test";
		};
		2FA092382B45563100E57D81 /* StrandsTVUITests */ = {
			isa = PBXNativeTarget;
			buildConfigurationList = 2FA092492B45563100E57D81 /* Build configuration list for PBXNativeTarget "StrandsTVUITests" */;
			buildPhases = (
				2FA092352B45563100E57D81 /* Sources */,
				2FA092362B45563100E57D81 /* Frameworks */,
				2FA092372B45563100E57D81 /* Resources */,
			);
			buildRules = (
			);
			dependencies = (
				2FA0923B2B45563100E57D81 /* PBXTargetDependency */,
			);
			name = StrandsTVUITests;
			productName = StrandsTVUITests;
			productReference = 2FA092392B45563100E57D81 /* StrandsTVUITests.xctest */;
			productType = "com.apple.product-type.bundle.ui-testing";
		};
/* End PBXNativeTarget section */

/* Begin PBXProject section */
		2F8C869B2A7CDBEB00E5EF82 /* Project object */ = {
			isa = PBXProject;
			attributes = {
				BuildIndependentTargetsInParallel = 1;
				LastSwiftUpdateCheck = 1510;
				LastUpgradeCheck = 1510;
				TargetAttributes = {
					2F8C86A22A7CDBEB00E5EF82 = {
						CreatedOnToolsVersion = 14.3.1;
					};
					2F8C86B72A7CDBED00E5EF82 = {
						CreatedOnToolsVersion = 14.3.1;
						TestTargetID = 2F8C86A22A7CDBEB00E5EF82;
					};
					2F8C86C12A7CDBED00E5EF82 = {
						CreatedOnToolsVersion = 14.3.1;
						TestTargetID = 2F8C86A22A7CDBEB00E5EF82;
					};
					2FA0921A2B45562D00E57D81 = {
						CreatedOnToolsVersion = 15.1;
					};
					2FA0922E2B45563100E57D81 = {
						CreatedOnToolsVersion = 15.1;
						TestTargetID = 2FA0921A2B45562D00E57D81;
					};
					2FA092382B45563100E57D81 = {
						CreatedOnToolsVersion = 15.1;
						TestTargetID = 2FA0921A2B45562D00E57D81;
					};
				};
			};
			buildConfigurationList = 2F8C869E2A7CDBEB00E5EF82 /* Build configuration list for PBXProject "StrandsF1SUI" */;
			compatibilityVersion = "Xcode 14.0";
			developmentRegion = en;
			hasScannedForEncodings = 0;
			knownRegions = (
				en,
				Base,
			);
			mainGroup = 2F8C869A2A7CDBEB00E5EF82;
			packageReferences = (
				2FCBEFB02B4605F600808A61 /* XCRemoteSwiftPackageReference "Kingfisher" */,
			);
			productRefGroup = 2F8C86A42A7CDBEB00E5EF82 /* Products */;
			projectDirPath = "";
			projectRoot = "";
			targets = (
				2F8C86A22A7CDBEB00E5EF82 /* StrandsF1SUI */,
				2F8C86B72A7CDBED00E5EF82 /* StrandsF1SUITests */,
				2F8C86C12A7CDBED00E5EF82 /* StrandsF1SUIUITests */,
				2FA0921A2B45562D00E57D81 /* StrandsTV */,
				2FA0922E2B45563100E57D81 /* StrandsTVTests */,
				2FA092382B45563100E57D81 /* StrandsTVUITests */,
			);
		};
/* End PBXProject section */

/* Begin PBXResourcesBuildPhase section */
		2F8C86A12A7CDBEB00E5EF82 /* Resources */ = {
			isa = PBXResourcesBuildPhase;
			buildActionMask = 2147483647;
			files = (
				2F8C86AE2A7CDBEC00E5EF82 /* Preview Assets.xcassets in Resources */,
				2F8C86AB2A7CDBEC00E5EF82 /* Assets.xcassets in Resources */,
				2FE1DAD02AA98F0D0074EE91 /* README.md in Resources */,
				2F4C9D982A7E676800DBD1C7 /* albon.json in Resources */,
				2F8C86DD2A7CDDCD00E5EF82 /* drivers.json in Resources */,
				2FCBEFAC2B45EE3300808A61 /* images.json in Resources */,
			);
			runOnlyForDeploymentPostprocessing = 0;
		};
		2F8C86B62A7CDBED00E5EF82 /* Resources */ = {
			isa = PBXResourcesBuildPhase;
			buildActionMask = 2147483647;
			files = (
				2F4925742A7FB70D00149937 /* albon.json in Resources */,
				2F8C86DE2A7CDDCD00E5EF82 /* drivers.json in Resources */,
				2FCBEFAE2B46040000808A61 /* images.json in Resources */,
			);
			runOnlyForDeploymentPostprocessing = 0;
		};
		2F8C86C02A7CDBED00E5EF82 /* Resources */ = {
			isa = PBXResourcesBuildPhase;
			buildActionMask = 2147483647;
			files = (
			);
			runOnlyForDeploymentPostprocessing = 0;
		};
		2FA092192B45562D00E57D81 /* Resources */ = {
			isa = PBXResourcesBuildPhase;
			buildActionMask = 2147483647;
			files = (
				2FA092252B45563000E57D81 /* Preview Assets.xcassets in Resources */,
				2FA092222B45563000E57D81 /* Assets.xcassets in Resources */,
				2FCBEFAD2B4603FA00808A61 /* images.json in Resources */,
			);
			runOnlyForDeploymentPostprocessing = 0;
		};
		2FA0922D2B45563100E57D81 /* Resources */ = {
			isa = PBXResourcesBuildPhase;
			buildActionMask = 2147483647;
			files = (
				2FCBEFAF2B46040100808A61 /* images.json in Resources */,
			);
			runOnlyForDeploymentPostprocessing = 0;
		};
		2FA092372B45563100E57D81 /* Resources */ = {
			isa = PBXResourcesBuildPhase;
			buildActionMask = 2147483647;
			files = (
			);
			runOnlyForDeploymentPostprocessing = 0;
		};
/* End PBXResourcesBuildPhase section */

/* Begin PBXSourcesBuildPhase section */
		2F8C869F2A7CDBEB00E5EF82 /* Sources */ = {
			isa = PBXSourcesBuildPhase;
			buildActionMask = 2147483647;
			files = (
				2F876B7F2AAA2B5B0083F6F7 /* CustomShape.swift in Sources */,
				2F876B832AAA37DE0083F6F7 /* PlotMark.swift in Sources */,
				2F2A07BD2AA8D56D0090A41C /* RaceResult.swift in Sources */,
				2FEEECF12A7E931F00F51169 /* DriverTable.swift in Sources */,
				2F4C9DA72A7E6A1500DBD1C7 /* RaceTable.swift in Sources */,
				2F2A07BF2AA8D5BF0090A41C /* ServiceUtils.swift in Sources */,
				2F876B782AAA29CF0083F6F7 /* Popup.swift in Sources */,
				2F4C9D962A7E44D000DBD1C7 /* SortByField.swift in Sources */,
				2F4C9DA82A7E6A1500DBD1C7 /* Location.swift in Sources */,
				2F4C9DAD2A7E6A1500DBD1C7 /* Results.swift in Sources */,
				2F8C86EB2A7D025000E5EF82 /* DriverListCell.swift in Sources */,
				2FE1DACD2AA97C060074EE91 /* DriverService.swift in Sources */,
				2F4C9DB02A7E6A1500DBD1C7 /* RaceDataRoot.swift in Sources */,
				2F96F2A12A810BB6003FA775 /* Date+DOB.swift in Sources */,
				2F4C9DAE2A7E6A1500DBD1C7 /* AverageSpeed.swift in Sources */,
				2F8C86B32A7CDBEC00E5EF82 /* StrandsF1SUI.xcdatamodeld in Sources */,
				2F4C9DA92A7E6A1500DBD1C7 /* Time.swift in Sources */,
				2F4C9DAA2A7E6A1500DBD1C7 /* MRRaceData.swift in Sources */,
				2F8C86F12A7D0B6900E5EF82 /* CountryLookup.swift in Sources */,
				2F8C86B02A7CDBEC00E5EF82 /* Persistence.swift in Sources */,
				2F8C86E52A7CE06A00E5EF82 /* DriverList.swift in Sources */,
				2F96F29D2A810B41003FA775 /* Color+Position.swift in Sources */,
				2F4C9DAC2A7E6A1500DBD1C7 /* Races.swift in Sources */,
				2F96F29F2A810B79003FA775 /* String+Date.swift in Sources */,
				2F8C86DB2A7CDDCD00E5EF82 /* RaceService.swift in Sources */,
				2F2A07C12AA8D8920090A41C /* Cache.swift in Sources */,
				2FEEECED2A7E922E00F51169 /* DriverDataRoot.swift in Sources */,
				2F4C9DAF2A7E6A1500DBD1C7 /* FastestLap.swift in Sources */,
				2F876B7D2AAA2B4D0083F6F7 /* WarningPanel.swift in Sources */,
				2F8C86E02A7CDDFD00E5EF82 /* Globals.swift in Sources */,
				2F4C9DAB2A7E6A1500DBD1C7 /* Constructor.swift in Sources */,
				2FEEECEF2A7E927F00F51169 /* MRDriverData.swift in Sources */,
				2F4C9DB12A7E6A1500DBD1C7 /* Driver.swift in Sources */,
				2F49D64D2A7D1A40000C4484 /* DriverNumberView.swift in Sources */,
				2FEEECF32A7E9DC100F51169 /* RaceListCell.swift in Sources */,
				2F8C86A72A7CDBEB00E5EF82 /* StrandsF1SUIApp.swift in Sources */,
				2F96F29A2A80E43A003FA775 /* ResultsChart.swift in Sources */,
				2F876B7A2AAA2A9E0083F6F7 /* NetworkMonitor.swift in Sources */,
				2F8C86EE2A7D08DF00E5EF82 /* DriverDetailView.swift in Sources */,
				2F4C9DA62A7E6A1500DBD1C7 /* Circuit.swift in Sources */,
			);
			runOnlyForDeploymentPostprocessing = 0;
		};
		2F8C86B42A7CDBED00E5EF82 /* Sources */ = {
			isa = PBXSourcesBuildPhase;
			buildActionMask = 2147483647;
			files = (
				2F86F5452A80DC8800549F7C /* Driver.swift in Sources */,
				2F86F5472A80DC8E00549F7C /* Constructor.swift in Sources */,
				2F86F5562A80DD3100549F7C /* StrandsF1DecodableTests.swift in Sources */,
				2F86F5462A80DC8B00549F7C /* Circuit.swift in Sources */,
				2F86F54C2A80DC9A00549F7C /* MRRaceData.swift in Sources */,
				2F86F54F2A80DCA200549F7C /* RaceTable.swift in Sources */,
				2F86F54D2A80DC9C00549F7C /* MRDriverData.swift in Sources */,
				2F86F54B2A80DC9800549F7C /* Location.swift in Sources */,
				2F8C86E12A7CDDFD00E5EF82 /* Globals.swift in Sources */,
				2F86F5442A80DC8500549F7C /* AverageSpeed.swift in Sources */,
				2F86F5512A80DCA700549F7C /* Results.swift in Sources */,
				2F86F5522A80DCA900549F7C /* Time.swift in Sources */,
				2F86F5492A80DC9300549F7C /* RaceDataRoot.swift in Sources */,
				2F86F5422A80DC7300549F7C /* SortByField.swift in Sources */,
				2F86F54E2A80DC9E00549F7C /* Races.swift in Sources */,
				2F86F54A2A80DC9600549F7C /* DriverDataRoot.swift in Sources */,
				2F86F5482A80DC9100549F7C /* FastestLap.swift in Sources */,
				2F8C86BD2A7CDBED00E5EF82 /* StrandsF1SUITests.swift in Sources */,
				2F8C86F22A7D0B6900E5EF82 /* CountryLookup.swift in Sources */,
				2F86F5502A80DCA400549F7C /* DriverTable.swift in Sources */,
			);
			runOnlyForDeploymentPostprocessing = 0;
		};
		2F8C86BE2A7CDBED00E5EF82 /* Sources */ = {
			isa = PBXSourcesBuildPhase;
			buildActionMask = 2147483647;
			files = (
				2F8C86C72A7CDBED00E5EF82 /* StrandsF1SUIUITests.swift in Sources */,
				2F8C86C92A7CDBED00E5EF82 /* StrandsF1SUIUITestsLaunchTests.swift in Sources */,
			);
			runOnlyForDeploymentPostprocessing = 0;
		};
		2FA092172B45562D00E57D81 /* Sources */ = {
			isa = PBXSourcesBuildPhase;
			buildActionMask = 2147483647;
			files = (
				2FA092562B455AA100E57D81 /* Driver.swift in Sources */,
				2FA092702B455AC000E57D81 /* PlotMark.swift in Sources */,
				2FA0924E2B455A9200E57D81 /* String+Date.swift in Sources */,
				2FA092522B455AA100E57D81 /* Time.swift in Sources */,
				2FA092512B455AA100E57D81 /* Races.swift in Sources */,
				2FA092202B45562D00E57D81 /* ContentView.swift in Sources */,
				2FA092732B455AC000E57D81 /* CountryLookup.swift in Sources */,
				2FA092712B455AC000E57D81 /* NetworkMonitor.swift in Sources */,
				2FA0927E2B456C3F00E57D81 /* HomeView.swift in Sources */,
				2FA092762B455AC000E57D81 /* RaceService.swift in Sources */,
				2FA092592B455AA100E57D81 /* Results.swift in Sources */,
				2FA0925A2B455AA100E57D81 /* DriverTable.swift in Sources */,
				2FCBEFAA2B45E5D500808A61 /* ResultsChart.swift in Sources */,
				2FA0924D2B455A8F00E57D81 /* Color+Position.swift in Sources */,
				2FA0926E2B455AB100E57D81 /* Persistence.swift in Sources */,
				2FA0925D2B455AA100E57D81 /* DriverDataRoot.swift in Sources */,
				2FA092722B455AC000E57D81 /* ServiceUtils.swift in Sources */,
				2FA092552B455AA100E57D81 /* MRDriverData.swift in Sources */,
				2FA092822B4572D300E57D81 /* DriverGridCell.swift in Sources */,
				2FA0925B2B455AA100E57D81 /* Constructor.swift in Sources */,
				2FA0921E2B45562D00E57D81 /* StrandsTVApp.swift in Sources */,
				2FA092752B455AC000E57D81 /* SortByField.swift in Sources */,
				2FA0924B2B455A8500E57D81 /* Globals.swift in Sources */,
				2FA0927A2B455ACC00E57D81 /* DriverNumberView.swift in Sources */,
				2FA092792B455AC000E57D81 /* Cache.swift in Sources */,
				2FA092772B455AC000E57D81 /* DriverService.swift in Sources */,
				2FA0924F2B455A9500E57D81 /* Date+DOB.swift in Sources */,
				2FCBEFA92B45E0D000808A61 /* RaceListCell.swift in Sources */,
				2FA0925C2B455AA100E57D81 /* FastestLap.swift in Sources */,
				2FA0926F2B455AB700E57D81 /* StrandsF1SUI.xcdatamodeld in Sources */,
				2FA092542B455AA100E57D81 /* Circuit.swift in Sources */,
				2FA092532B455AA100E57D81 /* Location.swift in Sources */,
				2FA092882B45877800E57D81 /* DriverDetail.swift in Sources */,
				2FA0925E2B455AA100E57D81 /* RaceDataRoot.swift in Sources */,
				2FA092502B455AA100E57D81 /* AverageSpeed.swift in Sources */,
				2FA092742B455AC000E57D81 /* RaceResult.swift in Sources */,
				2FA092572B455AA100E57D81 /* MRRaceData.swift in Sources */,
				2FA092582B455AA100E57D81 /* RaceTable.swift in Sources */,
			);
			runOnlyForDeploymentPostprocessing = 0;
		};
		2FA0922B2B45563100E57D81 /* Sources */ = {
			isa = PBXSourcesBuildPhase;
			buildActionMask = 2147483647;
			files = (
				2FA0924C2B455A8600E57D81 /* Globals.swift in Sources */,
				2FA092342B45563100E57D81 /* StrandsTVTests.swift in Sources */,
			);
			runOnlyForDeploymentPostprocessing = 0;
		};
		2FA092352B45563100E57D81 /* Sources */ = {
			isa = PBXSourcesBuildPhase;
			buildActionMask = 2147483647;
			files = (
				2FA092402B45563100E57D81 /* StrandsTVUITestsLaunchTests.swift in Sources */,
				2FA0923E2B45563100E57D81 /* StrandsTVUITests.swift in Sources */,
			);
			runOnlyForDeploymentPostprocessing = 0;
		};
/* End PBXSourcesBuildPhase section */

/* Begin PBXTargetDependency section */
		2F8C86BA2A7CDBED00E5EF82 /* PBXTargetDependency */ = {
			isa = PBXTargetDependency;
			target = 2F8C86A22A7CDBEB00E5EF82 /* StrandsF1SUI */;
			targetProxy = 2F8C86B92A7CDBED00E5EF82 /* PBXContainerItemProxy */;
		};
		2F8C86C42A7CDBED00E5EF82 /* PBXTargetDependency */ = {
			isa = PBXTargetDependency;
			target = 2F8C86A22A7CDBEB00E5EF82 /* StrandsF1SUI */;
			targetProxy = 2F8C86C32A7CDBED00E5EF82 /* PBXContainerItemProxy */;
		};
		2FA092312B45563100E57D81 /* PBXTargetDependency */ = {
			isa = PBXTargetDependency;
			target = 2FA0921A2B45562D00E57D81 /* StrandsTV */;
			targetProxy = 2FA092302B45563100E57D81 /* PBXContainerItemProxy */;
		};
		2FA0923B2B45563100E57D81 /* PBXTargetDependency */ = {
			isa = PBXTargetDependency;
			target = 2FA0921A2B45562D00E57D81 /* StrandsTV */;
			targetProxy = 2FA0923A2B45563100E57D81 /* PBXContainerItemProxy */;
		};
/* End PBXTargetDependency section */

/* Begin XCBuildConfiguration section */
		2F8C86CA2A7CDBED00E5EF82 /* Debug */ = {
			isa = XCBuildConfiguration;
			buildSettings = {
				ALWAYS_SEARCH_USER_PATHS = NO;
				ASSETCATALOG_COMPILER_GENERATE_SWIFT_ASSET_SYMBOL_EXTENSIONS = YES;
				CLANG_ANALYZER_NONNULL = YES;
				CLANG_ANALYZER_NUMBER_OBJECT_CONVERSION = YES_AGGRESSIVE;
				CLANG_CXX_LANGUAGE_STANDARD = "gnu++20";
				CLANG_ENABLE_MODULES = YES;
				CLANG_ENABLE_OBJC_ARC = YES;
				CLANG_ENABLE_OBJC_WEAK = YES;
				CLANG_WARN_BLOCK_CAPTURE_AUTORELEASING = YES;
				CLANG_WARN_BOOL_CONVERSION = YES;
				CLANG_WARN_COMMA = YES;
				CLANG_WARN_CONSTANT_CONVERSION = YES;
				CLANG_WARN_DEPRECATED_OBJC_IMPLEMENTATIONS = YES;
				CLANG_WARN_DIRECT_OBJC_ISA_USAGE = YES_ERROR;
				CLANG_WARN_DOCUMENTATION_COMMENTS = YES;
				CLANG_WARN_EMPTY_BODY = YES;
				CLANG_WARN_ENUM_CONVERSION = YES;
				CLANG_WARN_INFINITE_RECURSION = YES;
				CLANG_WARN_INT_CONVERSION = YES;
				CLANG_WARN_NON_LITERAL_NULL_CONVERSION = YES;
				CLANG_WARN_OBJC_IMPLICIT_RETAIN_SELF = YES;
				CLANG_WARN_OBJC_LITERAL_CONVERSION = YES;
				CLANG_WARN_OBJC_ROOT_CLASS = YES_ERROR;
				CLANG_WARN_QUOTED_INCLUDE_IN_FRAMEWORK_HEADER = YES;
				CLANG_WARN_RANGE_LOOP_ANALYSIS = YES;
				CLANG_WARN_STRICT_PROTOTYPES = YES;
				CLANG_WARN_SUSPICIOUS_MOVE = YES;
				CLANG_WARN_UNGUARDED_AVAILABILITY = YES_AGGRESSIVE;
				CLANG_WARN_UNREACHABLE_CODE = YES;
				CLANG_WARN__DUPLICATE_METHOD_MATCH = YES;
				COPY_PHASE_STRIP = NO;
				DEBUG_INFORMATION_FORMAT = dwarf;
				ENABLE_STRICT_OBJC_MSGSEND = YES;
				ENABLE_TESTABILITY = YES;
				GCC_C_LANGUAGE_STANDARD = gnu11;
				GCC_DYNAMIC_NO_PIC = NO;
				GCC_NO_COMMON_BLOCKS = YES;
				GCC_OPTIMIZATION_LEVEL = 0;
				GCC_PREPROCESSOR_DEFINITIONS = (
					"DEBUG=1",
					"$(inherited)",
				);
				GCC_WARN_64_TO_32_BIT_CONVERSION = YES;
				GCC_WARN_ABOUT_RETURN_TYPE = YES_ERROR;
				GCC_WARN_UNDECLARED_SELECTOR = YES;
				GCC_WARN_UNINITIALIZED_AUTOS = YES_AGGRESSIVE;
				GCC_WARN_UNUSED_FUNCTION = YES;
				GCC_WARN_UNUSED_VARIABLE = YES;
				IPHONEOS_DEPLOYMENT_TARGET = 16.4;
				MTL_ENABLE_DEBUG_INFO = INCLUDE_SOURCE;
				MTL_FAST_MATH = YES;
				ONLY_ACTIVE_ARCH = YES;
				SDKROOT = iphoneos;
				SWIFT_ACTIVE_COMPILATION_CONDITIONS = DEBUG;
				SWIFT_OPTIMIZATION_LEVEL = "-Onone";
				TVOS_DEPLOYMENT_TARGET = 16.0;
			};
			name = Debug;
		};
		2F8C86CB2A7CDBED00E5EF82 /* Release */ = {
			isa = XCBuildConfiguration;
			buildSettings = {
				ALWAYS_SEARCH_USER_PATHS = NO;
				ASSETCATALOG_COMPILER_GENERATE_SWIFT_ASSET_SYMBOL_EXTENSIONS = YES;
				CLANG_ANALYZER_NONNULL = YES;
				CLANG_ANALYZER_NUMBER_OBJECT_CONVERSION = YES_AGGRESSIVE;
				CLANG_CXX_LANGUAGE_STANDARD = "gnu++20";
				CLANG_ENABLE_MODULES = YES;
				CLANG_ENABLE_OBJC_ARC = YES;
				CLANG_ENABLE_OBJC_WEAK = YES;
				CLANG_WARN_BLOCK_CAPTURE_AUTORELEASING = YES;
				CLANG_WARN_BOOL_CONVERSION = YES;
				CLANG_WARN_COMMA = YES;
				CLANG_WARN_CONSTANT_CONVERSION = YES;
				CLANG_WARN_DEPRECATED_OBJC_IMPLEMENTATIONS = YES;
				CLANG_WARN_DIRECT_OBJC_ISA_USAGE = YES_ERROR;
				CLANG_WARN_DOCUMENTATION_COMMENTS = YES;
				CLANG_WARN_EMPTY_BODY = YES;
				CLANG_WARN_ENUM_CONVERSION = YES;
				CLANG_WARN_INFINITE_RECURSION = YES;
				CLANG_WARN_INT_CONVERSION = YES;
				CLANG_WARN_NON_LITERAL_NULL_CONVERSION = YES;
				CLANG_WARN_OBJC_IMPLICIT_RETAIN_SELF = YES;
				CLANG_WARN_OBJC_LITERAL_CONVERSION = YES;
				CLANG_WARN_OBJC_ROOT_CLASS = YES_ERROR;
				CLANG_WARN_QUOTED_INCLUDE_IN_FRAMEWORK_HEADER = YES;
				CLANG_WARN_RANGE_LOOP_ANALYSIS = YES;
				CLANG_WARN_STRICT_PROTOTYPES = YES;
				CLANG_WARN_SUSPICIOUS_MOVE = YES;
				CLANG_WARN_UNGUARDED_AVAILABILITY = YES_AGGRESSIVE;
				CLANG_WARN_UNREACHABLE_CODE = YES;
				CLANG_WARN__DUPLICATE_METHOD_MATCH = YES;
				COPY_PHASE_STRIP = NO;
				DEBUG_INFORMATION_FORMAT = "dwarf-with-dsym";
				ENABLE_NS_ASSERTIONS = NO;
				ENABLE_STRICT_OBJC_MSGSEND = YES;
				GCC_C_LANGUAGE_STANDARD = gnu11;
				GCC_NO_COMMON_BLOCKS = YES;
				GCC_WARN_64_TO_32_BIT_CONVERSION = YES;
				GCC_WARN_ABOUT_RETURN_TYPE = YES_ERROR;
				GCC_WARN_UNDECLARED_SELECTOR = YES;
				GCC_WARN_UNINITIALIZED_AUTOS = YES_AGGRESSIVE;
				GCC_WARN_UNUSED_FUNCTION = YES;
				GCC_WARN_UNUSED_VARIABLE = YES;
				IPHONEOS_DEPLOYMENT_TARGET = 16.4;
				MTL_ENABLE_DEBUG_INFO = NO;
				MTL_FAST_MATH = YES;
				SDKROOT = iphoneos;
				SWIFT_COMPILATION_MODE = wholemodule;
				SWIFT_OPTIMIZATION_LEVEL = "-O";
				TVOS_DEPLOYMENT_TARGET = 16.0;
				VALIDATE_PRODUCT = YES;
			};
			name = Release;
		};
		2F8C86CD2A7CDBED00E5EF82 /* Debug */ = {
			isa = XCBuildConfiguration;
			buildSettings = {
				ASSETCATALOG_COMPILER_APPICON_NAME = AppIcon;
				ASSETCATALOG_COMPILER_GLOBAL_ACCENT_COLOR_NAME = AccentColor;
				CODE_SIGN_STYLE = Automatic;
				CURRENT_PROJECT_VERSION = 1;
				DEVELOPMENT_ASSET_PATHS = "\"StrandsF1SUI/Preview Content\"";
				DEVELOPMENT_TEAM = 3G54NEN3F6;
				ENABLE_PREVIEWS = YES;
				GENERATE_INFOPLIST_FILE = YES;
				INFOPLIST_KEY_CFBundleDisplayName = "Strands F1";
				INFOPLIST_KEY_UIApplicationSceneManifest_Generation = YES;
				INFOPLIST_KEY_UIApplicationSupportsIndirectInputEvents = YES;
				INFOPLIST_KEY_UILaunchScreen_Generation = YES;
				INFOPLIST_KEY_UISupportedInterfaceOrientations_iPad = "UIInterfaceOrientationPortrait UIInterfaceOrientationPortraitUpsideDown UIInterfaceOrientationLandscapeLeft UIInterfaceOrientationLandscapeRight";
				INFOPLIST_KEY_UISupportedInterfaceOrientations_iPhone = "UIInterfaceOrientationPortrait UIInterfaceOrientationLandscapeLeft UIInterfaceOrientationLandscapeRight";
				LD_RUNPATH_SEARCH_PATHS = (
					"$(inherited)",
					"@executable_path/Frameworks",
				);
				MARKETING_VERSION = 1.0;
				PRODUCT_BUNDLE_IDENTIFIER = digital.marine.StrandsF1SUI;
				PRODUCT_NAME = "$(TARGET_NAME)";
				SWIFT_EMIT_LOC_STRINGS = YES;
				SWIFT_VERSION = 5.0;
				TARGETED_DEVICE_FAMILY = "1,2";
			};
			name = Debug;
		};
		2F8C86CE2A7CDBED00E5EF82 /* Release */ = {
			isa = XCBuildConfiguration;
			buildSettings = {
				ASSETCATALOG_COMPILER_APPICON_NAME = AppIcon;
				ASSETCATALOG_COMPILER_GLOBAL_ACCENT_COLOR_NAME = AccentColor;
				CODE_SIGN_STYLE = Automatic;
				CURRENT_PROJECT_VERSION = 1;
				DEVELOPMENT_ASSET_PATHS = "\"StrandsF1SUI/Preview Content\"";
				DEVELOPMENT_TEAM = 3G54NEN3F6;
				ENABLE_PREVIEWS = YES;
				GENERATE_INFOPLIST_FILE = YES;
				INFOPLIST_KEY_CFBundleDisplayName = "Strands F1";
				INFOPLIST_KEY_UIApplicationSceneManifest_Generation = YES;
				INFOPLIST_KEY_UIApplicationSupportsIndirectInputEvents = YES;
				INFOPLIST_KEY_UILaunchScreen_Generation = YES;
				INFOPLIST_KEY_UISupportedInterfaceOrientations_iPad = "UIInterfaceOrientationPortrait UIInterfaceOrientationPortraitUpsideDown UIInterfaceOrientationLandscapeLeft UIInterfaceOrientationLandscapeRight";
				INFOPLIST_KEY_UISupportedInterfaceOrientations_iPhone = "UIInterfaceOrientationPortrait UIInterfaceOrientationLandscapeLeft UIInterfaceOrientationLandscapeRight";
				LD_RUNPATH_SEARCH_PATHS = (
					"$(inherited)",
					"@executable_path/Frameworks",
				);
				MARKETING_VERSION = 1.0;
				PRODUCT_BUNDLE_IDENTIFIER = digital.marine.StrandsF1SUI;
				PRODUCT_NAME = "$(TARGET_NAME)";
				SWIFT_EMIT_LOC_STRINGS = YES;
				SWIFT_VERSION = 5.0;
				TARGETED_DEVICE_FAMILY = "1,2";
			};
			name = Release;
		};
		2F8C86D02A7CDBED00E5EF82 /* Debug */ = {
			isa = XCBuildConfiguration;
			buildSettings = {
				ALWAYS_EMBED_SWIFT_STANDARD_LIBRARIES = YES;
				BUNDLE_LOADER = "$(TEST_HOST)";
				CODE_SIGN_STYLE = Automatic;
				CURRENT_PROJECT_VERSION = 1;
				DEVELOPMENT_TEAM = 3G54NEN3F6;
				GENERATE_INFOPLIST_FILE = YES;
				IPHONEOS_DEPLOYMENT_TARGET = 16.4;
				MARKETING_VERSION = 1.0;
				PRODUCT_BUNDLE_IDENTIFIER = digital.marine.StrandsF1SUITests;
				PRODUCT_NAME = "$(TARGET_NAME)";
				SWIFT_EMIT_LOC_STRINGS = NO;
				SWIFT_VERSION = 5.0;
				TARGETED_DEVICE_FAMILY = "1,2";
				TEST_HOST = "$(BUILT_PRODUCTS_DIR)/StrandsF1SUI.app/$(BUNDLE_EXECUTABLE_FOLDER_PATH)/StrandsF1SUI";
			};
			name = Debug;
		};
		2F8C86D12A7CDBED00E5EF82 /* Release */ = {
			isa = XCBuildConfiguration;
			buildSettings = {
				ALWAYS_EMBED_SWIFT_STANDARD_LIBRARIES = YES;
				BUNDLE_LOADER = "$(TEST_HOST)";
				CODE_SIGN_STYLE = Automatic;
				CURRENT_PROJECT_VERSION = 1;
				DEVELOPMENT_TEAM = 3G54NEN3F6;
				GENERATE_INFOPLIST_FILE = YES;
				IPHONEOS_DEPLOYMENT_TARGET = 16.4;
				MARKETING_VERSION = 1.0;
				PRODUCT_BUNDLE_IDENTIFIER = digital.marine.StrandsF1SUITests;
				PRODUCT_NAME = "$(TARGET_NAME)";
				SWIFT_EMIT_LOC_STRINGS = NO;
				SWIFT_VERSION = 5.0;
				TARGETED_DEVICE_FAMILY = "1,2";
				TEST_HOST = "$(BUILT_PRODUCTS_DIR)/StrandsF1SUI.app/$(BUNDLE_EXECUTABLE_FOLDER_PATH)/StrandsF1SUI";
			};
			name = Release;
		};
		2F8C86D32A7CDBED00E5EF82 /* Debug */ = {
			isa = XCBuildConfiguration;
			buildSettings = {
				ALWAYS_EMBED_SWIFT_STANDARD_LIBRARIES = YES;
				CODE_SIGN_STYLE = Automatic;
				CURRENT_PROJECT_VERSION = 1;
				DEVELOPMENT_TEAM = 3G54NEN3F6;
				GENERATE_INFOPLIST_FILE = YES;
				MARKETING_VERSION = 1.0;
				PRODUCT_BUNDLE_IDENTIFIER = digital.marine.StrandsF1SUIUITests;
				PRODUCT_NAME = "$(TARGET_NAME)";
				SWIFT_EMIT_LOC_STRINGS = NO;
				SWIFT_VERSION = 5.0;
				TARGETED_DEVICE_FAMILY = "1,2";
				TEST_TARGET_NAME = StrandsF1SUI;
			};
			name = Debug;
		};
		2F8C86D42A7CDBED00E5EF82 /* Release */ = {
			isa = XCBuildConfiguration;
			buildSettings = {
				ALWAYS_EMBED_SWIFT_STANDARD_LIBRARIES = YES;
				CODE_SIGN_STYLE = Automatic;
				CURRENT_PROJECT_VERSION = 1;
				DEVELOPMENT_TEAM = 3G54NEN3F6;
				GENERATE_INFOPLIST_FILE = YES;
				MARKETING_VERSION = 1.0;
				PRODUCT_BUNDLE_IDENTIFIER = digital.marine.StrandsF1SUIUITests;
				PRODUCT_NAME = "$(TARGET_NAME)";
				SWIFT_EMIT_LOC_STRINGS = NO;
				SWIFT_VERSION = 5.0;
				TARGETED_DEVICE_FAMILY = "1,2";
				TEST_TARGET_NAME = StrandsF1SUI;
			};
			name = Release;
		};
		2FA092412B45563100E57D81 /* Debug */ = {
			isa = XCBuildConfiguration;
			buildSettings = {
				ASSETCATALOG_COMPILER_APPICON_NAME = "App Icon & Top Shelf Image";
				ASSETCATALOG_COMPILER_GENERATE_SWIFT_ASSET_SYMBOL_EXTENSIONS = YES;
				ASSETCATALOG_COMPILER_GLOBAL_ACCENT_COLOR_NAME = AccentColor;
				CODE_SIGN_STYLE = Automatic;
				CURRENT_PROJECT_VERSION = 1;
				DEVELOPMENT_ASSET_PATHS = "\"StrandsF1SUI/Preview Content\"";
				DEVELOPMENT_TEAM = 3G54NEN3F6;
				ENABLE_PREVIEWS = YES;
				ENABLE_USER_SCRIPT_SANDBOXING = YES;
				GCC_C_LANGUAGE_STANDARD = gnu17;
				GENERATE_INFOPLIST_FILE = YES;
				INFOPLIST_KEY_UILaunchScreen_Generation = YES;
				INFOPLIST_KEY_UIUserInterfaceStyle = Automatic;
				LD_RUNPATH_SEARCH_PATHS = (
					"$(inherited)",
					"@executable_path/Frameworks",
				);
				LOCALIZATION_PREFERS_STRING_CATALOGS = YES;
				MARKETING_VERSION = 1.0;
				PRODUCT_BUNDLE_IDENTIFIER = digital.marine.StrandsTV;
				PRODUCT_NAME = "$(TARGET_NAME)";
				SDKROOT = appletvos;
				SWIFT_ACTIVE_COMPILATION_CONDITIONS = "DEBUG $(inherited)";
				SWIFT_EMIT_LOC_STRINGS = YES;
				SWIFT_VERSION = 5.0;
				TARGETED_DEVICE_FAMILY = 3;
				TVOS_DEPLOYMENT_TARGET = 16.0;
			};
			name = Debug;
		};
		2FA092422B45563100E57D81 /* Release */ = {
			isa = XCBuildConfiguration;
			buildSettings = {
				ASSETCATALOG_COMPILER_APPICON_NAME = "App Icon & Top Shelf Image";
				ASSETCATALOG_COMPILER_GENERATE_SWIFT_ASSET_SYMBOL_EXTENSIONS = YES;
				ASSETCATALOG_COMPILER_GLOBAL_ACCENT_COLOR_NAME = AccentColor;
				CODE_SIGN_STYLE = Automatic;
				CURRENT_PROJECT_VERSION = 1;
				DEVELOPMENT_ASSET_PATHS = "\"StrandsF1SUI/Preview Content\"";
				DEVELOPMENT_TEAM = 3G54NEN3F6;
				ENABLE_PREVIEWS = YES;
				ENABLE_USER_SCRIPT_SANDBOXING = YES;
				GCC_C_LANGUAGE_STANDARD = gnu17;
				GENERATE_INFOPLIST_FILE = YES;
				INFOPLIST_KEY_UILaunchScreen_Generation = YES;
				INFOPLIST_KEY_UIUserInterfaceStyle = Automatic;
				LD_RUNPATH_SEARCH_PATHS = (
					"$(inherited)",
					"@executable_path/Frameworks",
				);
				LOCALIZATION_PREFERS_STRING_CATALOGS = YES;
				MARKETING_VERSION = 1.0;
				PRODUCT_BUNDLE_IDENTIFIER = digital.marine.StrandsTV;
				PRODUCT_NAME = "$(TARGET_NAME)";
				SDKROOT = appletvos;
				SWIFT_EMIT_LOC_STRINGS = YES;
				SWIFT_VERSION = 5.0;
				TARGETED_DEVICE_FAMILY = 3;
				TVOS_DEPLOYMENT_TARGET = 16.0;
			};
			name = Release;
		};
		2FA092432B45563100E57D81 /* Debug */ = {
			isa = XCBuildConfiguration;
			buildSettings = {
				ALWAYS_EMBED_SWIFT_STANDARD_LIBRARIES = YES;
				ASSETCATALOG_COMPILER_GENERATE_SWIFT_ASSET_SYMBOL_EXTENSIONS = YES;
				BUNDLE_LOADER = "$(TEST_HOST)";
				CODE_SIGN_STYLE = Automatic;
				CURRENT_PROJECT_VERSION = 1;
				DEVELOPMENT_TEAM = 3G54NEN3F6;
				ENABLE_USER_SCRIPT_SANDBOXING = YES;
				GCC_C_LANGUAGE_STANDARD = gnu17;
				GENERATE_INFOPLIST_FILE = YES;
				LOCALIZATION_PREFERS_STRING_CATALOGS = YES;
				MARKETING_VERSION = 1.0;
				PRODUCT_BUNDLE_IDENTIFIER = digital.marine.StrandsTVTests;
				PRODUCT_NAME = "$(TARGET_NAME)";
				SDKROOT = appletvos;
				SWIFT_ACTIVE_COMPILATION_CONDITIONS = "DEBUG $(inherited)";
				SWIFT_EMIT_LOC_STRINGS = NO;
				SWIFT_VERSION = 5.0;
				TARGETED_DEVICE_FAMILY = 3;
				TEST_HOST = "$(BUILT_PRODUCTS_DIR)/StrandsTV.app/$(BUNDLE_EXECUTABLE_FOLDER_PATH)/StrandsTV";
				TVOS_DEPLOYMENT_TARGET = 17.2;
			};
			name = Debug;
		};
		2FA092442B45563100E57D81 /* Release */ = {
			isa = XCBuildConfiguration;
			buildSettings = {
				ALWAYS_EMBED_SWIFT_STANDARD_LIBRARIES = YES;
				ASSETCATALOG_COMPILER_GENERATE_SWIFT_ASSET_SYMBOL_EXTENSIONS = YES;
				BUNDLE_LOADER = "$(TEST_HOST)";
				CODE_SIGN_STYLE = Automatic;
				CURRENT_PROJECT_VERSION = 1;
				DEVELOPMENT_TEAM = 3G54NEN3F6;
				ENABLE_USER_SCRIPT_SANDBOXING = YES;
				GCC_C_LANGUAGE_STANDARD = gnu17;
				GENERATE_INFOPLIST_FILE = YES;
				LOCALIZATION_PREFERS_STRING_CATALOGS = YES;
				MARKETING_VERSION = 1.0;
				PRODUCT_BUNDLE_IDENTIFIER = digital.marine.StrandsTVTests;
				PRODUCT_NAME = "$(TARGET_NAME)";
				SDKROOT = appletvos;
				SWIFT_EMIT_LOC_STRINGS = NO;
				SWIFT_VERSION = 5.0;
				TARGETED_DEVICE_FAMILY = 3;
				TEST_HOST = "$(BUILT_PRODUCTS_DIR)/StrandsTV.app/$(BUNDLE_EXECUTABLE_FOLDER_PATH)/StrandsTV";
				TVOS_DEPLOYMENT_TARGET = 17.2;
			};
			name = Release;
		};
		2FA092452B45563100E57D81 /* Debug */ = {
			isa = XCBuildConfiguration;
			buildSettings = {
				ALWAYS_EMBED_SWIFT_STANDARD_LIBRARIES = YES;
				ASSETCATALOG_COMPILER_GENERATE_SWIFT_ASSET_SYMBOL_EXTENSIONS = YES;
				CODE_SIGN_STYLE = Automatic;
				CURRENT_PROJECT_VERSION = 1;
				DEVELOPMENT_TEAM = 3G54NEN3F6;
				ENABLE_USER_SCRIPT_SANDBOXING = YES;
				GCC_C_LANGUAGE_STANDARD = gnu17;
				GENERATE_INFOPLIST_FILE = YES;
				LOCALIZATION_PREFERS_STRING_CATALOGS = YES;
				MARKETING_VERSION = 1.0;
				PRODUCT_BUNDLE_IDENTIFIER = digital.marine.StrandsTVUITests;
				PRODUCT_NAME = "$(TARGET_NAME)";
				SDKROOT = appletvos;
				SWIFT_ACTIVE_COMPILATION_CONDITIONS = "DEBUG $(inherited)";
				SWIFT_EMIT_LOC_STRINGS = NO;
				SWIFT_VERSION = 5.0;
				TARGETED_DEVICE_FAMILY = 3;
				TEST_TARGET_NAME = StrandsTV;
				TVOS_DEPLOYMENT_TARGET = 17.2;
			};
			name = Debug;
		};
		2FA092462B45563100E57D81 /* Release */ = {
			isa = XCBuildConfiguration;
			buildSettings = {
				ALWAYS_EMBED_SWIFT_STANDARD_LIBRARIES = YES;
				ASSETCATALOG_COMPILER_GENERATE_SWIFT_ASSET_SYMBOL_EXTENSIONS = YES;
				CODE_SIGN_STYLE = Automatic;
				CURRENT_PROJECT_VERSION = 1;
				DEVELOPMENT_TEAM = 3G54NEN3F6;
				ENABLE_USER_SCRIPT_SANDBOXING = YES;
				GCC_C_LANGUAGE_STANDARD = gnu17;
				GENERATE_INFOPLIST_FILE = YES;
				LOCALIZATION_PREFERS_STRING_CATALOGS = YES;
				MARKETING_VERSION = 1.0;
				PRODUCT_BUNDLE_IDENTIFIER = digital.marine.StrandsTVUITests;
				PRODUCT_NAME = "$(TARGET_NAME)";
				SDKROOT = appletvos;
				SWIFT_EMIT_LOC_STRINGS = NO;
				SWIFT_VERSION = 5.0;
				TARGETED_DEVICE_FAMILY = 3;
				TEST_TARGET_NAME = StrandsTV;
				TVOS_DEPLOYMENT_TARGET = 17.2;
			};
			name = Release;
		};
/* End XCBuildConfiguration section */

/* Begin XCConfigurationList section */
		2F8C869E2A7CDBEB00E5EF82 /* Build configuration list for PBXProject "StrandsF1SUI" */ = {
			isa = XCConfigurationList;
			buildConfigurations = (
				2F8C86CA2A7CDBED00E5EF82 /* Debug */,
				2F8C86CB2A7CDBED00E5EF82 /* Release */,
			);
			defaultConfigurationIsVisible = 0;
			defaultConfigurationName = Release;
		};
		2F8C86CC2A7CDBED00E5EF82 /* Build configuration list for PBXNativeTarget "StrandsF1SUI" */ = {
			isa = XCConfigurationList;
			buildConfigurations = (
				2F8C86CD2A7CDBED00E5EF82 /* Debug */,
				2F8C86CE2A7CDBED00E5EF82 /* Release */,
			);
			defaultConfigurationIsVisible = 0;
			defaultConfigurationName = Release;
		};
		2F8C86CF2A7CDBED00E5EF82 /* Build configuration list for PBXNativeTarget "StrandsF1SUITests" */ = {
			isa = XCConfigurationList;
			buildConfigurations = (
				2F8C86D02A7CDBED00E5EF82 /* Debug */,
				2F8C86D12A7CDBED00E5EF82 /* Release */,
			);
			defaultConfigurationIsVisible = 0;
			defaultConfigurationName = Release;
		};
		2F8C86D22A7CDBED00E5EF82 /* Build configuration list for PBXNativeTarget "StrandsF1SUIUITests" */ = {
			isa = XCConfigurationList;
			buildConfigurations = (
				2F8C86D32A7CDBED00E5EF82 /* Debug */,
				2F8C86D42A7CDBED00E5EF82 /* Release */,
			);
			defaultConfigurationIsVisible = 0;
			defaultConfigurationName = Release;
		};
		2FA092472B45563100E57D81 /* Build configuration list for PBXNativeTarget "StrandsTV" */ = {
			isa = XCConfigurationList;
			buildConfigurations = (
				2FA092412B45563100E57D81 /* Debug */,
				2FA092422B45563100E57D81 /* Release */,
			);
			defaultConfigurationIsVisible = 0;
			defaultConfigurationName = Release;
		};
		2FA092482B45563100E57D81 /* Build configuration list for PBXNativeTarget "StrandsTVTests" */ = {
			isa = XCConfigurationList;
			buildConfigurations = (
				2FA092432B45563100E57D81 /* Debug */,
				2FA092442B45563100E57D81 /* Release */,
			);
			defaultConfigurationIsVisible = 0;
			defaultConfigurationName = Release;
		};
		2FA092492B45563100E57D81 /* Build configuration list for PBXNativeTarget "StrandsTVUITests" */ = {
			isa = XCConfigurationList;
			buildConfigurations = (
				2FA092452B45563100E57D81 /* Debug */,
				2FA092462B45563100E57D81 /* Release */,
			);
			defaultConfigurationIsVisible = 0;
			defaultConfigurationName = Release;
		};
/* End XCConfigurationList section */

/* Begin XCRemoteSwiftPackageReference section */
		2FCBEFB02B4605F600808A61 /* XCRemoteSwiftPackageReference "Kingfisher" */ = {
			isa = XCRemoteSwiftPackageReference;
			repositoryURL = "https://github.com/onevcat/Kingfisher";
			requirement = {
				kind = upToNextMajorVersion;
				minimumVersion = 7.10.1;
			};
		};
/* End XCRemoteSwiftPackageReference section */

/* Begin XCSwiftPackageProductDependency section */
		2FCBEFB12B4605F600808A61 /* Kingfisher */ = {
			isa = XCSwiftPackageProductDependency;
			package = 2FCBEFB02B4605F600808A61 /* XCRemoteSwiftPackageReference "Kingfisher" */;
			productName = Kingfisher;
		};
/* End XCSwiftPackageProductDependency section */

/* Begin XCVersionGroup section */
		2F8C86B12A7CDBEC00E5EF82 /* StrandsF1SUI.xcdatamodeld */ = {
			isa = XCVersionGroup;
			children = (
				2F8C86B22A7CDBEC00E5EF82 /* StrandsF1SUI.xcdatamodel */,
			);
			currentVersion = 2F8C86B22A7CDBEC00E5EF82 /* StrandsF1SUI.xcdatamodel */;
			path = StrandsF1SUI.xcdatamodeld;
			sourceTree = "<group>";
			versionGroupType = wrapper.xcdatamodel;
		};
/* End XCVersionGroup section */
	};
	rootObject = 2F8C869B2A7CDBEB00E5EF82 /* Project object */;
}
